// !$*UTF8*$!
{
	archiveVersion = 1;
	classes = {
	};
	objectVersion = 46;
	objects = {

/* Begin PBXBuildFile section */
		37642D7D15F6A0670024B6A2 /* UIKit.framework in Frameworks */ = {isa = PBXBuildFile; fileRef = 37642D7C15F6A0670024B6A2 /* UIKit.framework */; };
		37642D7F15F6A0670024B6A2 /* Foundation.framework in Frameworks */ = {isa = PBXBuildFile; fileRef = 37642D7E15F6A0670024B6A2 /* Foundation.framework */; };
		37642D8115F6A0670024B6A2 /* CoreGraphics.framework in Frameworks */ = {isa = PBXBuildFile; fileRef = 37642D8015F6A0670024B6A2 /* CoreGraphics.framework */; };
		37642D8715F6A0670024B6A2 /* InfoPlist.strings in Resources */ = {isa = PBXBuildFile; fileRef = 37642D8515F6A0670024B6A2 /* InfoPlist.strings */; };
		37642D8915F6A0670024B6A2 /* main.m in Sources */ = {isa = PBXBuildFile; fileRef = 37642D8815F6A0670024B6A2 /* main.m */; };
		37642D8D15F6A0670024B6A2 /* SCEAppDelegate.m in Sources */ = {isa = PBXBuildFile; fileRef = 37642D8C15F6A0670024B6A2 /* SCEAppDelegate.m */; };
		37642D9215F6A0670024B6A2 /* first.png in Resources */ = {isa = PBXBuildFile; fileRef = 37642D9115F6A0670024B6A2 /* first.png */; };
		37642D9415F6A0670024B6A2 /* first@2x.png in Resources */ = {isa = PBXBuildFile; fileRef = 37642D9315F6A0670024B6A2 /* first@2x.png */; };
		37642D9715F6A0670024B6A2 /* SCETodayViewController.m in Sources */ = {isa = PBXBuildFile; fileRef = 37642D9615F6A0670024B6A2 /* SCETodayViewController.m */; };
		37642D9915F6A0670024B6A2 /* second.png in Resources */ = {isa = PBXBuildFile; fileRef = 37642D9815F6A0670024B6A2 /* second.png */; };
		37642D9B15F6A0670024B6A2 /* second@2x.png in Resources */ = {isa = PBXBuildFile; fileRef = 37642D9A15F6A0670024B6A2 /* second@2x.png */; };
		37642DA115F6A0670024B6A2 /* SCETodayViewController.xib in Resources */ = {isa = PBXBuildFile; fileRef = 37642D9F15F6A0670024B6A2 /* SCETodayViewController.xib */; };
		37642DD715F7B5980024B6A2 /* SCEFeedViewController.m in Sources */ = {isa = PBXBuildFile; fileRef = 37642DD615F7B5980024B6A2 /* SCEFeedViewController.m */; };
		37642DDE15F7B6850024B6A2 /* SCEFeedTableViewController.m in Sources */ = {isa = PBXBuildFile; fileRef = 37642DDD15F7B6850024B6A2 /* SCEFeedTableViewController.m */; };
		37642DE215F7B69D0024B6A2 /* SCEFeedMapViewController.m in Sources */ = {isa = PBXBuildFile; fileRef = 37642DE015F7B69C0024B6A2 /* SCEFeedMapViewController.m */; };
		37642DE315F7B69D0024B6A2 /* SCEFeedMapViewController.xib in Resources */ = {isa = PBXBuildFile; fileRef = 37642DE115F7B69D0024B6A2 /* SCEFeedMapViewController.xib */; };
		37642DEB15F7B7DD0024B6A2 /* SCEFeedTableCell.m in Sources */ = {isa = PBXBuildFile; fileRef = 37642DEA15F7B7DD0024B6A2 /* SCEFeedTableCell.m */; };
		37642DEF15F7B8360024B6A2 /* SCEDetailViewController.m in Sources */ = {isa = PBXBuildFile; fileRef = 37642DED15F7B8360024B6A2 /* SCEDetailViewController.m */; };
		37642DF215F7B8BE0024B6A2 /* SCEPlaceTableCell.xib in Resources */ = {isa = PBXBuildFile; fileRef = 37642DF115F7B8BE0024B6A2 /* SCEPlaceTableCell.xib */; };
		37642DF515F7B8DC0024B6A2 /* SCEPlaceTableCell.m in Sources */ = {isa = PBXBuildFile; fileRef = 37642DF415F7B8DC0024B6A2 /* SCEPlaceTableCell.m */; };
		37642DFB15F7B9DA0024B6A2 /* SCEPlaceViewController.m in Sources */ = {isa = PBXBuildFile; fileRef = 37642DFA15F7B9DA0024B6A2 /* SCEPlaceViewController.m */; };
		37642DFD15F7B9EE0024B6A2 /* SCEPlaceViewController.xib in Resources */ = {isa = PBXBuildFile; fileRef = 37642DFC15F7B9EE0024B6A2 /* SCEPlaceViewController.xib */; };
		37642E0815F7BBE20024B6A2 /* SCEPlacesFeedViewController.m in Sources */ = {isa = PBXBuildFile; fileRef = 37642E0715F7BBE20024B6A2 /* SCEPlacesFeedViewController.m */; };
		37642E0B15F7BCC00024B6A2 /* SCEEventsFeedViewController.m in Sources */ = {isa = PBXBuildFile; fileRef = 37642E0A15F7BCC00024B6A2 /* SCEEventsFeedViewController.m */; };
		37642E0E15F7BCD70024B6A2 /* SCESpecialsFeedViewController.m in Sources */ = {isa = PBXBuildFile; fileRef = 37642E0D15F7BCD60024B6A2 /* SCESpecialsFeedViewController.m */; };
		37642E1115F7BCEB0024B6A2 /* SCENewsFeedViewController.m in Sources */ = {isa = PBXBuildFile; fileRef = 37642E1015F7BCEA0024B6A2 /* SCENewsFeedViewController.m */; };
/* End PBXBuildFile section */

/* Begin PBXFileReference section */
		37642D7815F6A0670024B6A2 /* OaklandScene.app */ = {isa = PBXFileReference; explicitFileType = wrapper.application; includeInIndex = 0; path = OaklandScene.app; sourceTree = BUILT_PRODUCTS_DIR; };
		37642D7C15F6A0670024B6A2 /* UIKit.framework */ = {isa = PBXFileReference; lastKnownFileType = wrapper.framework; name = UIKit.framework; path = System/Library/Frameworks/UIKit.framework; sourceTree = SDKROOT; };
		37642D7E15F6A0670024B6A2 /* Foundation.framework */ = {isa = PBXFileReference; lastKnownFileType = wrapper.framework; name = Foundation.framework; path = System/Library/Frameworks/Foundation.framework; sourceTree = SDKROOT; };
		37642D8015F6A0670024B6A2 /* CoreGraphics.framework */ = {isa = PBXFileReference; lastKnownFileType = wrapper.framework; name = CoreGraphics.framework; path = System/Library/Frameworks/CoreGraphics.framework; sourceTree = SDKROOT; };
		37642D8415F6A0670024B6A2 /* OaklandScene-Info.plist */ = {isa = PBXFileReference; lastKnownFileType = text.plist.xml; path = "OaklandScene-Info.plist"; sourceTree = "<group>"; };
		37642D8615F6A0670024B6A2 /* en */ = {isa = PBXFileReference; lastKnownFileType = text.plist.strings; name = en; path = en.lproj/InfoPlist.strings; sourceTree = "<group>"; };
		37642D8815F6A0670024B6A2 /* main.m */ = {isa = PBXFileReference; lastKnownFileType = sourcecode.c.objc; path = main.m; sourceTree = "<group>"; };
		37642D8A15F6A0670024B6A2 /* OaklandScene-Prefix.pch */ = {isa = PBXFileReference; lastKnownFileType = sourcecode.c.h; path = "OaklandScene-Prefix.pch"; sourceTree = "<group>"; };
		37642D8B15F6A0670024B6A2 /* SCEAppDelegate.h */ = {isa = PBXFileReference; lastKnownFileType = sourcecode.c.h; path = SCEAppDelegate.h; sourceTree = "<group>"; };
		37642D8C15F6A0670024B6A2 /* SCEAppDelegate.m */ = {isa = PBXFileReference; lastKnownFileType = sourcecode.c.objc; path = SCEAppDelegate.m; sourceTree = "<group>"; };
		37642D9115F6A0670024B6A2 /* first.png */ = {isa = PBXFileReference; lastKnownFileType = image.png; path = first.png; sourceTree = "<group>"; };
		37642D9315F6A0670024B6A2 /* first@2x.png */ = {isa = PBXFileReference; lastKnownFileType = image.png; path = "first@2x.png"; sourceTree = "<group>"; };
		37642D9515F6A0670024B6A2 /* SCETodayViewController.h */ = {isa = PBXFileReference; lastKnownFileType = sourcecode.c.h; path = SCETodayViewController.h; sourceTree = "<group>"; };
		37642D9615F6A0670024B6A2 /* SCETodayViewController.m */ = {isa = PBXFileReference; lastKnownFileType = sourcecode.c.objc; path = SCETodayViewController.m; sourceTree = "<group>"; };
		37642D9815F6A0670024B6A2 /* second.png */ = {isa = PBXFileReference; lastKnownFileType = image.png; path = second.png; sourceTree = "<group>"; };
		37642D9A15F6A0670024B6A2 /* second@2x.png */ = {isa = PBXFileReference; lastKnownFileType = image.png; path = "second@2x.png"; sourceTree = "<group>"; };
		37642DA015F6A0670024B6A2 /* en */ = {isa = PBXFileReference; lastKnownFileType = file.xib; name = en; path = en.lproj/SCETodayViewController.xib; sourceTree = "<group>"; };
		37642DD515F7B5980024B6A2 /* SCEFeedViewController.h */ = {isa = PBXFileReference; fileEncoding = 4; lastKnownFileType = sourcecode.c.h; name = SCEFeedViewController.h; path = ../SCEFeedViewController.h; sourceTree = "<group>"; };
		37642DD615F7B5980024B6A2 /* SCEFeedViewController.m */ = {isa = PBXFileReference; fileEncoding = 4; lastKnownFileType = sourcecode.c.objc; name = SCEFeedViewController.m; path = ../SCEFeedViewController.m; sourceTree = "<group>"; };
		37642DDC15F7B6850024B6A2 /* SCEFeedTableViewController.h */ = {isa = PBXFileReference; fileEncoding = 4; lastKnownFileType = sourcecode.c.h; path = SCEFeedTableViewController.h; sourceTree = "<group>"; };
		37642DDD15F7B6850024B6A2 /* SCEFeedTableViewController.m */ = {isa = PBXFileReference; fileEncoding = 4; lastKnownFileType = sourcecode.c.objc; path = SCEFeedTableViewController.m; sourceTree = "<group>"; };
		37642DDF15F7B69C0024B6A2 /* SCEFeedMapViewController.h */ = {isa = PBXFileReference; fileEncoding = 4; lastKnownFileType = sourcecode.c.h; path = SCEFeedMapViewController.h; sourceTree = "<group>"; };
		37642DE015F7B69C0024B6A2 /* SCEFeedMapViewController.m */ = {isa = PBXFileReference; fileEncoding = 4; lastKnownFileType = sourcecode.c.objc; path = SCEFeedMapViewController.m; sourceTree = "<group>"; };
		37642DE115F7B69D0024B6A2 /* SCEFeedMapViewController.xib */ = {isa = PBXFileReference; fileEncoding = 4; lastKnownFileType = file.xib; path = SCEFeedMapViewController.xib; sourceTree = "<group>"; };
		37642DE915F7B7DD0024B6A2 /* SCEFeedTableCell.h */ = {isa = PBXFileReference; fileEncoding = 4; lastKnownFileType = sourcecode.c.h; name = SCEFeedTableCell.h; path = ../SCEFeedTableCell.h; sourceTree = "<group>"; };
		37642DEA15F7B7DD0024B6A2 /* SCEFeedTableCell.m */ = {isa = PBXFileReference; fileEncoding = 4; lastKnownFileType = sourcecode.c.objc; name = SCEFeedTableCell.m; path = ../SCEFeedTableCell.m; sourceTree = "<group>"; };
		37642DEC15F7B8360024B6A2 /* SCEDetailViewController.h */ = {isa = PBXFileReference; fileEncoding = 4; lastKnownFileType = sourcecode.c.h; path = SCEDetailViewController.h; sourceTree = "<group>"; };
		37642DED15F7B8360024B6A2 /* SCEDetailViewController.m */ = {isa = PBXFileReference; fileEncoding = 4; lastKnownFileType = sourcecode.c.objc; path = SCEDetailViewController.m; sourceTree = "<group>"; };
		37642DF115F7B8BE0024B6A2 /* SCEPlaceTableCell.xib */ = {isa = PBXFileReference; fileEncoding = 4; lastKnownFileType = file.xib; path = SCEPlaceTableCell.xib; sourceTree = "<group>"; };
		37642DF315F7B8DC0024B6A2 /* SCEPlaceTableCell.h */ = {isa = PBXFileReference; fileEncoding = 4; lastKnownFileType = sourcecode.c.h; path = SCEPlaceTableCell.h; sourceTree = "<group>"; };
		37642DF415F7B8DC0024B6A2 /* SCEPlaceTableCell.m */ = {isa = PBXFileReference; fileEncoding = 4; lastKnownFileType = sourcecode.c.objc; path = SCEPlaceTableCell.m; sourceTree = "<group>"; };
		37642DF915F7B9DA0024B6A2 /* SCEPlaceViewController.h */ = {isa = PBXFileReference; fileEncoding = 4; lastKnownFileType = sourcecode.c.h; path = SCEPlaceViewController.h; sourceTree = "<group>"; };
		37642DFA15F7B9DA0024B6A2 /* SCEPlaceViewController.m */ = {isa = PBXFileReference; fileEncoding = 4; lastKnownFileType = sourcecode.c.objc; path = SCEPlaceViewController.m; sourceTree = "<group>"; };
		37642DFC15F7B9EE0024B6A2 /* SCEPlaceViewController.xib */ = {isa = PBXFileReference; fileEncoding = 4; lastKnownFileType = file.xib; path = SCEPlaceViewController.xib; sourceTree = "<group>"; };
		37642E0615F7BBE10024B6A2 /* SCEPlacesFeedViewController.h */ = {isa = PBXFileReference; fileEncoding = 4; lastKnownFileType = sourcecode.c.h; path = SCEPlacesFeedViewController.h; sourceTree = "<group>"; };
		37642E0715F7BBE20024B6A2 /* SCEPlacesFeedViewController.m */ = {isa = PBXFileReference; fileEncoding = 4; lastKnownFileType = sourcecode.c.objc; path = SCEPlacesFeedViewController.m; sourceTree = "<group>"; };
		37642E0915F7BCC00024B6A2 /* SCEEventsFeedViewController.h */ = {isa = PBXFileReference; fileEncoding = 4; lastKnownFileType = sourcecode.c.h; path = SCEEventsFeedViewController.h; sourceTree = "<group>"; };
		37642E0A15F7BCC00024B6A2 /* SCEEventsFeedViewController.m */ = {isa = PBXFileReference; fileEncoding = 4; lastKnownFileType = sourcecode.c.objc; path = SCEEventsFeedViewController.m; sourceTree = "<group>"; };
		37642E0C15F7BCD60024B6A2 /* SCESpecialsFeedViewController.h */ = {isa = PBXFileReference; fileEncoding = 4; lastKnownFileType = sourcecode.c.h; path = SCESpecialsFeedViewController.h; sourceTree = "<group>"; };
		37642E0D15F7BCD60024B6A2 /* SCESpecialsFeedViewController.m */ = {isa = PBXFileReference; fileEncoding = 4; lastKnownFileType = sourcecode.c.objc; path = SCESpecialsFeedViewController.m; sourceTree = "<group>"; };
		37642E0F15F7BCEA0024B6A2 /* SCENewsFeedViewController.h */ = {isa = PBXFileReference; fileEncoding = 4; lastKnownFileType = sourcecode.c.h; path = SCENewsFeedViewController.h; sourceTree = "<group>"; };
		37642E1015F7BCEA0024B6A2 /* SCENewsFeedViewController.m */ = {isa = PBXFileReference; fileEncoding = 4; lastKnownFileType = sourcecode.c.objc; path = SCENewsFeedViewController.m; sourceTree = "<group>"; };
/* End PBXFileReference section */

/* Begin PBXFrameworksBuildPhase section */
		37642D7515F6A0670024B6A2 /* Frameworks */ = {
			isa = PBXFrameworksBuildPhase;
			buildActionMask = 2147483647;
			files = (
				37642D7D15F6A0670024B6A2 /* UIKit.framework in Frameworks */,
				37642D7F15F6A0670024B6A2 /* Foundation.framework in Frameworks */,
				37642D8115F6A0670024B6A2 /* CoreGraphics.framework in Frameworks */,
			);
			runOnlyForDeploymentPostprocessing = 0;
		};
/* End PBXFrameworksBuildPhase section */

/* Begin PBXGroup section */
		37642D6D15F6A0670024B6A2 = {
			isa = PBXGroup;
			children = (
				37642D8215F6A0670024B6A2 /* OaklandScene */,
				37642D7B15F6A0670024B6A2 /* Frameworks */,
				37642D7915F6A0670024B6A2 /* Products */,
			);
			sourceTree = "<group>";
		};
		37642D7915F6A0670024B6A2 /* Products */ = {
			isa = PBXGroup;
			children = (
				37642D7815F6A0670024B6A2 /* OaklandScene.app */,
			);
			name = Products;
			sourceTree = "<group>";
		};
		37642D7B15F6A0670024B6A2 /* Frameworks */ = {
			isa = PBXGroup;
			children = (
				37642D7C15F6A0670024B6A2 /* UIKit.framework */,
				37642D7E15F6A0670024B6A2 /* Foundation.framework */,
				37642D8015F6A0670024B6A2 /* CoreGraphics.framework */,
			);
			name = Frameworks;
			sourceTree = "<group>";
		};
		37642D8215F6A0670024B6A2 /* OaklandScene */ = {
			isa = PBXGroup;
			children = (
				37642DD115F6BAD10024B6A2 /* Models */,
				37642D8B15F6A0670024B6A2 /* SCEAppDelegate.h */,
				37642D8C15F6A0670024B6A2 /* SCEAppDelegate.m */,
				37642DD015F6BAC80024B6A2 /* Controllers */,
				37642DD415F6BBCD0024B6A2 /* Views */,
				37642D8315F6A0670024B6A2 /* Supporting Files */,
			);
			path = OaklandScene;
			sourceTree = "<group>";
		};
		37642D8315F6A0670024B6A2 /* Supporting Files */ = {
			isa = PBXGroup;
			children = (
				37642DD315F6BBAB0024B6A2 /* Images */,
				37642D8415F6A0670024B6A2 /* OaklandScene-Info.plist */,
				37642D8515F6A0670024B6A2 /* InfoPlist.strings */,
				37642D8815F6A0670024B6A2 /* main.m */,
				37642D8A15F6A0670024B6A2 /* OaklandScene-Prefix.pch */,
			);
			name = "Supporting Files";
			sourceTree = "<group>";
		};
		37642DD015F6BAC80024B6A2 /* Controllers */ = {
			isa = PBXGroup;
			children = (
				37642D9515F6A0670024B6A2 /* SCETodayViewController.h */,
				37642D9615F6A0670024B6A2 /* SCETodayViewController.m */,
				37642DD215F6BAD90024B6A2 /* Feeds */,
			);
			name = Controllers;
			sourceTree = "<group>";
		};
		37642DD115F6BAD10024B6A2 /* Models */ = {
			isa = PBXGroup;
			children = (
			);
			name = Models;
			sourceTree = "<group>";
		};
		37642DD215F6BAD90024B6A2 /* Feeds */ = {
			isa = PBXGroup;
			children = (
				37642DD515F7B5980024B6A2 /* SCEFeedViewController.h */,
				37642DD615F7B5980024B6A2 /* SCEFeedViewController.m */,
				37642DEC15F7B8360024B6A2 /* SCEDetailViewController.h */,
				37642DED15F7B8360024B6A2 /* SCEDetailViewController.m */,
				37642DDC15F7B6850024B6A2 /* SCEFeedTableViewController.h */,
				37642DDD15F7B6850024B6A2 /* SCEFeedTableViewController.m */,
				37642DDF15F7B69C0024B6A2 /* SCEFeedMapViewController.h */,
				37642DE015F7B69C0024B6A2 /* SCEFeedMapViewController.m */,
				37642DF915F7B9DA0024B6A2 /* SCEPlaceViewController.h */,
				37642DFA15F7B9DA0024B6A2 /* SCEPlaceViewController.m */,
				37642E0615F7BBE10024B6A2 /* SCEPlacesFeedViewController.h */,
				37642E0715F7BBE20024B6A2 /* SCEPlacesFeedViewController.m */,
				37642E0915F7BCC00024B6A2 /* SCEEventsFeedViewController.h */,
				37642E0A15F7BCC00024B6A2 /* SCEEventsFeedViewController.m */,
				37642E0C15F7BCD60024B6A2 /* SCESpecialsFeedViewController.h */,
				37642E0D15F7BCD60024B6A2 /* SCESpecialsFeedViewController.m */,
				37642E0F15F7BCEA0024B6A2 /* SCENewsFeedViewController.h */,
				37642E1015F7BCEA0024B6A2 /* SCENewsFeedViewController.m */,
			);
			name = Feeds;
			sourceTree = "<group>";
		};
		37642DD315F6BBAB0024B6A2 /* Images */ = {
			isa = PBXGroup;
			children = (
				37642D9115F6A0670024B6A2 /* first.png */,
				37642D9315F6A0670024B6A2 /* first@2x.png */,
				37642D9815F6A0670024B6A2 /* second.png */,
				37642D9A15F6A0670024B6A2 /* second@2x.png */,
			);
			name = Images;
			sourceTree = "<group>";
		};
		37642DD415F6BBCD0024B6A2 /* Views */ = {
			isa = PBXGroup;
			children = (
				37642DF315F7B8DC0024B6A2 /* SCEPlaceTableCell.h */,
				37642DF415F7B8DC0024B6A2 /* SCEPlaceTableCell.m */,
				37642DE915F7B7DD0024B6A2 /* SCEFeedTableCell.h */,
				37642DEA15F7B7DD0024B6A2 /* SCEFeedTableCell.m */,
				37642DE115F7B69D0024B6A2 /* SCEFeedMapViewController.xib */,
				37642D9F15F6A0670024B6A2 /* SCETodayViewController.xib */,
				37642DF115F7B8BE0024B6A2 /* SCEPlaceTableCell.xib */,
				37642DFC15F7B9EE0024B6A2 /* SCEPlaceViewController.xib */,
			);
			name = Views;
			sourceTree = "<group>";
		};
/* End PBXGroup section */

/* Begin PBXNativeTarget section */
		37642D7715F6A0670024B6A2 /* OaklandScene */ = {
			isa = PBXNativeTarget;
			buildConfigurationList = 37642DA415F6A0670024B6A2 /* Build configuration list for PBXNativeTarget "OaklandScene" */;
			buildPhases = (
				37642D7415F6A0670024B6A2 /* Sources */,
				37642D7515F6A0670024B6A2 /* Frameworks */,
				37642D7615F6A0670024B6A2 /* Resources */,
			);
			buildRules = (
			);
			dependencies = (
			);
			name = OaklandScene;
			productName = OaklandScene;
			productReference = 37642D7815F6A0670024B6A2 /* OaklandScene.app */;
			productType = "com.apple.product-type.application";
		};
/* End PBXNativeTarget section */

/* Begin PBXProject section */
		37642D6F15F6A0670024B6A2 /* Project object */ = {
			isa = PBXProject;
			attributes = {
				CLASSPREFIX = SCE;
				LastUpgradeCheck = 0440;
				ORGANIZATIONNAME = Scenable;
			};
			buildConfigurationList = 37642D7215F6A0670024B6A2 /* Build configuration list for PBXProject "OaklandScene" */;
			compatibilityVersion = "Xcode 3.2";
			developmentRegion = English;
			hasScannedForEncodings = 0;
			knownRegions = (
				en,
			);
			mainGroup = 37642D6D15F6A0670024B6A2;
			productRefGroup = 37642D7915F6A0670024B6A2 /* Products */;
			projectDirPath = "";
			projectRoot = "";
			targets = (
				37642D7715F6A0670024B6A2 /* OaklandScene */,
			);
		};
/* End PBXProject section */

/* Begin PBXResourcesBuildPhase section */
		37642D7615F6A0670024B6A2 /* Resources */ = {
			isa = PBXResourcesBuildPhase;
			buildActionMask = 2147483647;
			files = (
				37642D8715F6A0670024B6A2 /* InfoPlist.strings in Resources */,
				37642D9215F6A0670024B6A2 /* first.png in Resources */,
				37642D9415F6A0670024B6A2 /* first@2x.png in Resources */,
				37642D9915F6A0670024B6A2 /* second.png in Resources */,
				37642D9B15F6A0670024B6A2 /* second@2x.png in Resources */,
				37642DA115F6A0670024B6A2 /* SCETodayViewController.xib in Resources */,
				37642DE315F7B69D0024B6A2 /* SCEFeedMapViewController.xib in Resources */,
				37642DF215F7B8BE0024B6A2 /* SCEPlaceTableCell.xib in Resources */,
				37642DFD15F7B9EE0024B6A2 /* SCEPlaceViewController.xib in Resources */,
			);
			runOnlyForDeploymentPostprocessing = 0;
		};
/* End PBXResourcesBuildPhase section */

/* Begin PBXSourcesBuildPhase section */
		37642D7415F6A0670024B6A2 /* Sources */ = {
			isa = PBXSourcesBuildPhase;
			buildActionMask = 2147483647;
			files = (
				37642D8915F6A0670024B6A2 /* main.m in Sources */,
				37642D8D15F6A0670024B6A2 /* SCEAppDelegate.m in Sources */,
				37642D9715F6A0670024B6A2 /* SCETodayViewController.m in Sources */,
				37642DD715F7B5980024B6A2 /* SCEFeedViewController.m in Sources */,
				37642DDE15F7B6850024B6A2 /* SCEFeedTableViewController.m in Sources */,
				37642DE215F7B69D0024B6A2 /* SCEFeedMapViewController.m in Sources */,
				37642DEB15F7B7DD0024B6A2 /* SCEFeedTableCell.m in Sources */,
				37642DEF15F7B8360024B6A2 /* SCEDetailViewController.m in Sources */,
				37642DF515F7B8DC0024B6A2 /* SCEPlaceTableCell.m in Sources */,
				37642DFB15F7B9DA0024B6A2 /* SCEPlaceViewController.m in Sources */,
				37642E0815F7BBE20024B6A2 /* SCEPlacesFeedViewController.m in Sources */,
				37642E0B15F7BCC00024B6A2 /* SCEEventsFeedViewController.m in Sources */,
				37642E0E15F7BCD70024B6A2 /* SCESpecialsFeedViewController.m in Sources */,
				37642E1115F7BCEB0024B6A2 /* SCENewsFeedViewController.m in Sources */,
			);
			runOnlyForDeploymentPostprocessing = 0;
		};
/* End PBXSourcesBuildPhase section */

/* Begin PBXVariantGroup section */
		37642D8515F6A0670024B6A2 /* InfoPlist.strings */ = {
			isa = PBXVariantGroup;
			children = (
				37642D8615F6A0670024B6A2 /* en */,
			);
			name = InfoPlist.strings;
			sourceTree = "<group>";
		};
		37642D9F15F6A0670024B6A2 /* SCETodayViewController.xib */ = {
			isa = PBXVariantGroup;
			children = (
				37642DA015F6A0670024B6A2 /* en */,
			);
			name = SCETodayViewController.xib;
			sourceTree = "<group>";
		};
/* End PBXVariantGroup section */

/* Begin XCBuildConfiguration section */
		37642DA215F6A0670024B6A2 /* Debug */ = {
			isa = XCBuildConfiguration;
			buildSettings = {
				ALWAYS_SEARCH_USER_PATHS = NO;
				ARCHS = "$(ARCHS_STANDARD_32_BIT)";
				CLANG_CXX_LANGUAGE_STANDARD = "gnu++0x";
				CLANG_ENABLE_OBJC_ARC = YES;
				CLANG_WARN__DUPLICATE_METHOD_MATCH = YES;
				"CODE_SIGN_IDENTITY[sdk=iphoneos*]" = "iPhone Developer";
				COPY_PHASE_STRIP = NO;
				GCC_C_LANGUAGE_STANDARD = gnu99;
				GCC_DYNAMIC_NO_PIC = NO;
				GCC_OPTIMIZATION_LEVEL = 0;
				GCC_PREPROCESSOR_DEFINITIONS = (
					"DEBUG=1",
					"$(inherited)",
				);
				GCC_SYMBOLS_PRIVATE_EXTERN = NO;
				GCC_VERSION = com.apple.compilers.llvm.clang.1_0;
				GCC_WARN_ABOUT_RETURN_TYPE = YES;
				GCC_WARN_UNINITIALIZED_AUTOS = YES;
				GCC_WARN_UNUSED_VARIABLE = YES;
				IPHONEOS_DEPLOYMENT_TARGET = 5.1;
				SDKROOT = iphoneos;
			};
			name = Debug;
		};
		37642DA315F6A0670024B6A2 /* Release */ = {
			isa = XCBuildConfiguration;
			buildSettings = {
				ALWAYS_SEARCH_USER_PATHS = NO;
				ARCHS = "$(ARCHS_STANDARD_32_BIT)";
				CLANG_CXX_LANGUAGE_STANDARD = "gnu++0x";
				CLANG_ENABLE_OBJC_ARC = YES;
				CLANG_WARN__DUPLICATE_METHOD_MATCH = YES;
				"CODE_SIGN_IDENTITY[sdk=iphoneos*]" = "iPhone Developer";
				COPY_PHASE_STRIP = YES;
				GCC_C_LANGUAGE_STANDARD = gnu99;
				GCC_VERSION = com.apple.compilers.llvm.clang.1_0;
				GCC_WARN_ABOUT_RETURN_TYPE = YES;
				GCC_WARN_UNINITIALIZED_AUTOS = YES;
				GCC_WARN_UNUSED_VARIABLE = YES;
				IPHONEOS_DEPLOYMENT_TARGET = 5.1;
				OTHER_CFLAGS = "-DNS_BLOCK_ASSERTIONS=1";
				SDKROOT = iphoneos;
				VALIDATE_PRODUCT = YES;
			};
			name = Release;
		};
		37642DA515F6A0670024B6A2 /* Debug */ = {
			isa = XCBuildConfiguration;
			buildSettings = {
				GCC_PRECOMPILE_PREFIX_HEADER = YES;
				GCC_PREFIX_HEADER = "OaklandScene/OaklandScene-Prefix.pch";
				INFOPLIST_FILE = "OaklandScene/OaklandScene-Info.plist";
				PRODUCT_NAME = "$(TARGET_NAME)";
				WRAPPER_EXTENSION = app;
			};
			name = Debug;
		};
		37642DA615F6A0670024B6A2 /* Release */ = {
			isa = XCBuildConfiguration;
			buildSettings = {
				GCC_PRECOMPILE_PREFIX_HEADER = YES;
				GCC_PREFIX_HEADER = "OaklandScene/OaklandScene-Prefix.pch";
				INFOPLIST_FILE = "OaklandScene/OaklandScene-Info.plist";
				PRODUCT_NAME = "$(TARGET_NAME)";
				WRAPPER_EXTENSION = app;
			};
			name = Release;
		};
/* End XCBuildConfiguration section */

/* Begin XCConfigurationList section */
		37642D7215F6A0670024B6A2 /* Build configuration list for PBXProject "OaklandScene" */ = {
			isa = XCConfigurationList;
			buildConfigurations = (
				37642DA215F6A0670024B6A2 /* Debug */,
				37642DA315F6A0670024B6A2 /* Release */,
			);
			defaultConfigurationIsVisible = 0;
			defaultConfigurationName = Release;
		};
		37642DA415F6A0670024B6A2 /* Build configuration list for PBXNativeTarget "OaklandScene" */ = {
			isa = XCConfigurationList;
			buildConfigurations = (
				37642DA515F6A0670024B6A2 /* Debug */,
				37642DA615F6A0670024B6A2 /* Release */,
			);
			defaultConfigurationIsVisible = 0;
			defaultConfigurationName = Release;
		};
/* End XCConfigurationList section */
	};
	rootObject = 37642D6F15F6A0670024B6A2 /* Project object */;
}
