// !$*UTF8*$!
{
	archiveVersion = 1;
	classes = {
	};
	objectVersion = 46;
	objects = {

/* Begin PBXBuildFile section */
		3703A4C31616354D00B95980 /* SCEURLImage.m in Sources */ = {isa = PBXBuildFile; fileRef = 3703A4C21616354D00B95980 /* SCEURLImage.m */; };
		371965D51614B4AE0069A41E /* clock.png in Resources */ = {isa = PBXBuildFile; fileRef = 371965D31614B4AD0069A41E /* clock.png */; };
		371965D61614B4AE0069A41E /* clock@2x.png in Resources */ = {isa = PBXBuildFile; fileRef = 371965D41614B4AE0069A41E /* clock@2x.png */; };
		371965DA1614FC170069A41E /* SCEUtils.m in Sources */ = {isa = PBXBuildFile; fileRef = 371965D91614FC170069A41E /* SCEUtils.m */; };
		3747AC6015FA74840053BC32 /* SCESpecial.m in Sources */ = {isa = PBXBuildFile; fileRef = 3747AC5F15FA74840053BC32 /* SCESpecial.m */; };
		3747AC6415FA76BB0053BC32 /* SCENewsStub.m in Sources */ = {isa = PBXBuildFile; fileRef = 3747AC6315FA76BB0053BC32 /* SCENewsStub.m */; };
		3747AC6815FA886A0053BC32 /* SCEPlaceStore.m in Sources */ = {isa = PBXBuildFile; fileRef = 3747AC6715FA886A0053BC32 /* SCEPlaceStore.m */; };
		37570412160A7825004A6D45 /* SCEFeedSource.m in Sources */ = {isa = PBXBuildFile; fileRef = 37570411160A7825004A6D45 /* SCEFeedSource.m */; };
		37642D7D15F6A0670024B6A2 /* UIKit.framework in Frameworks */ = {isa = PBXBuildFile; fileRef = 37642D7C15F6A0670024B6A2 /* UIKit.framework */; };
		37642D7F15F6A0670024B6A2 /* Foundation.framework in Frameworks */ = {isa = PBXBuildFile; fileRef = 37642D7E15F6A0670024B6A2 /* Foundation.framework */; };
		37642D8115F6A0670024B6A2 /* CoreGraphics.framework in Frameworks */ = {isa = PBXBuildFile; fileRef = 37642D8015F6A0670024B6A2 /* CoreGraphics.framework */; };
		37642D8715F6A0670024B6A2 /* InfoPlist.strings in Resources */ = {isa = PBXBuildFile; fileRef = 37642D8515F6A0670024B6A2 /* InfoPlist.strings */; };
		37642D8915F6A0670024B6A2 /* main.m in Sources */ = {isa = PBXBuildFile; fileRef = 37642D8815F6A0670024B6A2 /* main.m */; };
		37642D8D15F6A0670024B6A2 /* SCEAppDelegate.m in Sources */ = {isa = PBXBuildFile; fileRef = 37642D8C15F6A0670024B6A2 /* SCEAppDelegate.m */; };
		37642D9215F6A0670024B6A2 /* first.png in Resources */ = {isa = PBXBuildFile; fileRef = 37642D9115F6A0670024B6A2 /* first.png */; };
		37642D9415F6A0670024B6A2 /* first@2x.png in Resources */ = {isa = PBXBuildFile; fileRef = 37642D9315F6A0670024B6A2 /* first@2x.png */; };
		37642D9715F6A0670024B6A2 /* SCETodayViewController.m in Sources */ = {isa = PBXBuildFile; fileRef = 37642D9615F6A0670024B6A2 /* SCETodayViewController.m */; };
		37642D9915F6A0670024B6A2 /* second.png in Resources */ = {isa = PBXBuildFile; fileRef = 37642D9815F6A0670024B6A2 /* second.png */; };
		37642D9B15F6A0670024B6A2 /* second@2x.png in Resources */ = {isa = PBXBuildFile; fileRef = 37642D9A15F6A0670024B6A2 /* second@2x.png */; };
		37642DA115F6A0670024B6A2 /* SCETodayViewController.xib in Resources */ = {isa = PBXBuildFile; fileRef = 37642D9F15F6A0670024B6A2 /* SCETodayViewController.xib */; };
		37642DD715F7B5980024B6A2 /* SCEFeedViewController.m in Sources */ = {isa = PBXBuildFile; fileRef = 37642DD615F7B5980024B6A2 /* SCEFeedViewController.m */; };
		37642DE215F7B69D0024B6A2 /* SCEFeedMapViewController.m in Sources */ = {isa = PBXBuildFile; fileRef = 37642DE015F7B69C0024B6A2 /* SCEFeedMapViewController.m */; };
		37642DE315F7B69D0024B6A2 /* SCEFeedMapViewController.xib in Resources */ = {isa = PBXBuildFile; fileRef = 37642DE115F7B69D0024B6A2 /* SCEFeedMapViewController.xib */; };
		37642DEB15F7B7DD0024B6A2 /* SCEFeedTableCell.m in Sources */ = {isa = PBXBuildFile; fileRef = 37642DEA15F7B7DD0024B6A2 /* SCEFeedTableCell.m */; };
		37642DF215F7B8BE0024B6A2 /* SCEPlaceTableCell.xib in Resources */ = {isa = PBXBuildFile; fileRef = 37642DF115F7B8BE0024B6A2 /* SCEPlaceTableCell.xib */; };
		37642DF515F7B8DC0024B6A2 /* SCEPlaceTableCell.m in Sources */ = {isa = PBXBuildFile; fileRef = 37642DF415F7B8DC0024B6A2 /* SCEPlaceTableCell.m */; };
		37642DFB15F7B9DA0024B6A2 /* SCEPlaceViewController.m in Sources */ = {isa = PBXBuildFile; fileRef = 37642DFA15F7B9DA0024B6A2 /* SCEPlaceViewController.m */; };
		37642E0815F7BBE20024B6A2 /* SCEPlaceFeedViewController.m in Sources */ = {isa = PBXBuildFile; fileRef = 37642E0715F7BBE20024B6A2 /* SCEPlaceFeedViewController.m */; };
		37642E0B15F7BCC00024B6A2 /* SCEEventFeedViewController.m in Sources */ = {isa = PBXBuildFile; fileRef = 37642E0A15F7BCC00024B6A2 /* SCEEventFeedViewController.m */; };
		37642E0E15F7BCD70024B6A2 /* SCESpecialFeedViewController.m in Sources */ = {isa = PBXBuildFile; fileRef = 37642E0D15F7BCD60024B6A2 /* SCESpecialFeedViewController.m */; };
		37642E1115F7BCEB0024B6A2 /* SCENewsFeedViewController.m in Sources */ = {isa = PBXBuildFile; fileRef = 37642E1015F7BCEA0024B6A2 /* SCENewsFeedViewController.m */; };
		3764E7C01610E42B00F5977F /* SCEPlaceDetailView.m in Sources */ = {isa = PBXBuildFile; fileRef = 3764E7BF1610E42B00F5977F /* SCEPlaceDetailView.m */; };
		3764E7D51610EAA200F5977F /* SCEHoursView.m in Sources */ = {isa = PBXBuildFile; fileRef = 3764E7D41610EAA200F5977F /* SCEHoursView.m */; };
		3764E7D81610EAC400F5977F /* SCEAboutView.m in Sources */ = {isa = PBXBuildFile; fileRef = 3764E7D71610EAC400F5977F /* SCEAboutView.m */; };
		3764E7EB1610F95000F5977F /* SCEPlaceDetailHeadView.m in Sources */ = {isa = PBXBuildFile; fileRef = 3764E7EA1610F94F00F5977F /* SCEPlaceDetailHeadView.m */; };
		3765EDD6160A39C7004E9225 /* SCEFeedLoadingCell.m in Sources */ = {isa = PBXBuildFile; fileRef = 3765EDD5160A39C7004E9225 /* SCEFeedLoadingCell.m */; };
		3765EDD9160A39DF004E9225 /* SCEFeedStaticCell.m in Sources */ = {isa = PBXBuildFile; fileRef = 3765EDD8160A39DF004E9225 /* SCEFeedStaticCell.m */; };
		3765EDDB160A3A07004E9225 /* SCEFeedLoadingCell.xib in Resources */ = {isa = PBXBuildFile; fileRef = 3765EDDA160A3A07004E9225 /* SCEFeedLoadingCell.xib */; };
		3765EDDD160A3A25004E9225 /* SCEFeedStaticCell.xib in Resources */ = {isa = PBXBuildFile; fileRef = 3765EDDC160A3A25004E9225 /* SCEFeedStaticCell.xib */; };
		37C99A36161CABB80090A76B /* events-10032012.json in Resources */ = {isa = PBXBuildFile; fileRef = 37C99A35161CABB80090A76B /* events-10032012.json */; };
		37C99A38161CABE10090A76B /* places-10032012.json in Resources */ = {isa = PBXBuildFile; fileRef = 37C99A37161CABE10090A76B /* places-10032012.json */; };
		37C99A3B161CAC0E0090A76B /* SCEEventItemSource.m in Sources */ = {isa = PBXBuildFile; fileRef = 37C99A3A161CAC0E0090A76B /* SCEEventItemSource.m */; };
		37C99A3E161CAF6F0090A76B /* SCEEventDetailView.m in Sources */ = {isa = PBXBuildFile; fileRef = 37C99A3D161CAF6F0090A76B /* SCEEventDetailView.m */; };
		37C99A43161CB6270090A76B /* ISO8601DateFormatter.m in Sources */ = {isa = PBXBuildFile; fileRef = 37C99A34161CA4D10090A76B /* ISO8601DateFormatter.m */; };
		37C99A46161CED580090A76B /* SCESpecialStore.m in Sources */ = {isa = PBXBuildFile; fileRef = 37C99A45161CED580090A76B /* SCESpecialStore.m */; };
		37C99A48161CEF650090A76B /* specials-10032012.json in Resources */ = {isa = PBXBuildFile; fileRef = 37C99A47161CEF650090A76B /* specials-10032012.json */; };
		37C99A4B161CF0E60090A76B /* SCESpecialItemSource.m in Sources */ = {isa = PBXBuildFile; fileRef = 37C99A4A161CF0E60090A76B /* SCESpecialItemSource.m */; };
		37C99A4E161CF7970090A76B /* SCESpecialDetailView.m in Sources */ = {isa = PBXBuildFile; fileRef = 37C99A4D161CF7970090A76B /* SCESpecialDetailView.m */; };
		37C99A55161DE9DB0090A76B /* SCESpecialDetailHeadView.xib in Resources */ = {isa = PBXBuildFile; fileRef = 37C99A54161DE9DB0090A76B /* SCESpecialDetailHeadView.xib */; };
		37C99A58161DE9F10090A76B /* SCESpecialDetailHeadView.m in Sources */ = {isa = PBXBuildFile; fileRef = 37C99A57161DE9F10090A76B /* SCESpecialDetailHeadView.m */; };
		37C99A5B161DEA0F0090A76B /* SCESpecialRedeemPrompt.m in Sources */ = {isa = PBXBuildFile; fileRef = 37C99A5A161DEA0F0090A76B /* SCESpecialRedeemPrompt.m */; };
		37C99A5E161DEA790090A76B /* SCEPlaceStubView.m in Sources */ = {isa = PBXBuildFile; fileRef = 37C99A5D161DEA790090A76B /* SCEPlaceStubView.m */; };
		37C99A60161DEA8C0090A76B /* SCEPlaceStubView.xib in Resources */ = {isa = PBXBuildFile; fileRef = 37C99A5F161DEA8C0090A76B /* SCEPlaceStubView.xib */; };
		37C99A63161DFD920090A76B /* SCESimpleAnnotation.m in Sources */ = {isa = PBXBuildFile; fileRef = 37C99A62161DFD920090A76B /* SCESimpleAnnotation.m */; };
		37C99A64161E09B20090A76B /* placepage_btn.png in Resources */ = {isa = PBXBuildFile; fileRef = 4F8C74341615029300E994E6 /* placepage_btn.png */; };
		37C99A65161E09B20090A76B /* placepage_btn@2x.png in Resources */ = {isa = PBXBuildFile; fileRef = 4F8C74351615029300E994E6 /* placepage_btn@2x.png */; };
		37C99A66161E0A1D0090A76B /* SCESpecialRedeemPrompt.xib in Resources */ = {isa = PBXBuildFile; fileRef = 8706C27A161555E2004745B0 /* SCESpecialRedeemPrompt.xib */; };
		37C99A76161E29160090A76B /* default-event.png in Resources */ = {isa = PBXBuildFile; fileRef = 37C99A70161E29160090A76B /* default-event.png */; };
		37C99A77161E29160090A76B /* default-event@2x.png in Resources */ = {isa = PBXBuildFile; fileRef = 37C99A71161E29160090A76B /* default-event@2x.png */; };
		37C99A78161E29160090A76B /* default-place.png in Resources */ = {isa = PBXBuildFile; fileRef = 37C99A72161E29160090A76B /* default-place.png */; };
		37C99A79161E29160090A76B /* default-place@2x.png in Resources */ = {isa = PBXBuildFile; fileRef = 37C99A73161E29160090A76B /* default-place@2x.png */; };
		37C99A7A161E29160090A76B /* default-special.png in Resources */ = {isa = PBXBuildFile; fileRef = 37C99A74161E29160090A76B /* default-special.png */; };
		37C99A7B161E29160090A76B /* default-special@2x.png in Resources */ = {isa = PBXBuildFile; fileRef = 37C99A75161E29160090A76B /* default-special@2x.png */; };
		37C99A8D161E31560090A76B /* Default@2x~iphone.png in Resources */ = {isa = PBXBuildFile; fileRef = 37C99A87161E31560090A76B /* Default@2x~iphone.png */; };
		37C99A8E161E31560090A76B /* Default~iphone.png in Resources */ = {isa = PBXBuildFile; fileRef = 37C99A88161E31560090A76B /* Default~iphone.png */; };
		37C99A8F161E31560090A76B /* landscape1.png in Resources */ = {isa = PBXBuildFile; fileRef = 37C99A89161E31560090A76B /* landscape1.png */; };
		37C99A90161E31560090A76B /* landscape2.png in Resources */ = {isa = PBXBuildFile; fileRef = 37C99A8A161E31560090A76B /* landscape2.png */; };
		37C99A91161E31560090A76B /* Default-568h@2x.png in Resources */ = {isa = PBXBuildFile; fileRef = 37C99A8B161E31560090A76B /* Default-568h@2x.png */; };
		37C99A92161E31560090A76B /* portrait2.png in Resources */ = {isa = PBXBuildFile; fileRef = 37C99A8C161E31560090A76B /* portrait2.png */; };
		37C99AA1161E32290090A76B /* icon.png in Resources */ = {isa = PBXBuildFile; fileRef = 37C99AA0161E32280090A76B /* icon.png */; };
		37C99AA3161E32420090A76B /* icon@2x.png in Resources */ = {isa = PBXBuildFile; fileRef = 37C99AA2161E32420090A76B /* icon@2x.png */; };
		37C99AA7161E5B300090A76B /* SCEEventDetailHeadView.m in Sources */ = {isa = PBXBuildFile; fileRef = 37C99AA6161E5B2F0090A76B /* SCEEventDetailHeadView.m */; };
		37C99AA8161E5CC10090A76B /* SCEEventDetailHeadView.xib in Resources */ = {isa = PBXBuildFile; fileRef = 4FC5430F1615E1E6000B09DA /* SCEEventDetailHeadView.xib */; };
		37C99AB1161E84400090A76B /* event_website_btn.png in Resources */ = {isa = PBXBuildFile; fileRef = 4F8C743F16150EC100E994E6 /* event_website_btn.png */; };
		37CD7F1F1615EBC5004F840F /* README in Resources */ = {isa = PBXBuildFile; fileRef = 37CD7F1E1615EBC5004F840F /* README */; };
		37D995A215F940040045CAE5 /* MapKit.framework in Frameworks */ = {isa = PBXBuildFile; fileRef = 37D995A115F940030045CAE5 /* MapKit.framework */; };
		37E3EA2E15FA67BD00964876 /* SCEPlace.m in Sources */ = {isa = PBXBuildFile; fileRef = 37E3EA2D15FA67BD00964876 /* SCEPlace.m */; };
		37E3EA3615FA683800964876 /* CoreLocation.framework in Frameworks */ = {isa = PBXBuildFile; fileRef = 37E3EA3515FA683800964876 /* CoreLocation.framework */; };
		37E3EA3915FA697900964876 /* SCECategory.m in Sources */ = {isa = PBXBuildFile; fileRef = 37E3EA3815FA697900964876 /* SCECategory.m */; };
		37E3EA3C15FA71CA00964876 /* SCEEvent.m in Sources */ = {isa = PBXBuildFile; fileRef = 37E3EA3B15FA71C900964876 /* SCEEvent.m */; };
		37EB7A15161B62B600E56154 /* SCEFeedView.m in Sources */ = {isa = PBXBuildFile; fileRef = 37EB7A14161B62B600E56154 /* SCEFeedView.m */; };
		37EB7A19161B8D5C00E56154 /* SCEPlaceItemSource.m in Sources */ = {isa = PBXBuildFile; fileRef = 37EB7A18161B8D5C00E56154 /* SCEPlaceItemSource.m */; };
		37EB7A1C161BC37200E56154 /* SCEResultsInfoBar.m in Sources */ = {isa = PBXBuildFile; fileRef = 37EB7A1B161BC37100E56154 /* SCEResultsInfoBar.m */; };
		37ED1DD71607BE4C009CA46D /* SCECategoryPickerDialogController.m in Sources */ = {isa = PBXBuildFile; fileRef = 37ED1DD51607BE4B009CA46D /* SCECategoryPickerDialogController.m */; };
		37ED1DD81607BE4C009CA46D /* SCECategoryPickerDialogController.xib in Resources */ = {isa = PBXBuildFile; fileRef = 37ED1DD61607BE4B009CA46D /* SCECategoryPickerDialogController.xib */; };
		37F1005116153208001AD8FE /* SCECategoryList.m in Sources */ = {isa = PBXBuildFile; fileRef = 37F1005016153208001AD8FE /* SCECategoryList.m */; };
		37F2253C160A292500140ED5 /* SCEEventStore.m in Sources */ = {isa = PBXBuildFile; fileRef = 37F2253B160A292500140ED5 /* SCEEventStore.m */; };
		37FAF1231600D17200048F72 /* SCEAPIConnection.m in Sources */ = {isa = PBXBuildFile; fileRef = 37FAF1221600D17100048F72 /* SCEAPIConnection.m */; };
		37FAF1261600D9DE00048F72 /* SCEAPIResponse.m in Sources */ = {isa = PBXBuildFile; fileRef = 37FAF1251600D9DE00048F72 /* SCEAPIResponse.m */; };
		37FCE8F115F8D9C600666F1D /* SCEEventViewController.m in Sources */ = {isa = PBXBuildFile; fileRef = 37FCE8EF15F8D9C600666F1D /* SCEEventViewController.m */; };
		37FCE8F615F8D9E300666F1D /* SCESpecialViewController.m in Sources */ = {isa = PBXBuildFile; fileRef = 37FCE8F415F8D9E300666F1D /* SCESpecialViewController.m */; };
		37FCE8FB15F8D9FE00666F1D /* SCENewsViewController.m in Sources */ = {isa = PBXBuildFile; fileRef = 37FCE8F915F8D9FE00666F1D /* SCENewsViewController.m */; };
		37FCE8FC15F8D9FE00666F1D /* SCENewsViewController.xib in Resources */ = {isa = PBXBuildFile; fileRef = 37FCE8FA15F8D9FE00666F1D /* SCENewsViewController.xib */; };
		37FCE90115F8DBA900666F1D /* SCEEventTableCell.m in Sources */ = {isa = PBXBuildFile; fileRef = 37FCE90015F8DBA900666F1D /* SCEEventTableCell.m */; };
		37FCE90315F8DBCD00666F1D /* SCEEventTableCell.xib in Resources */ = {isa = PBXBuildFile; fileRef = 37FCE90215F8DBCD00666F1D /* SCEEventTableCell.xib */; };
		37FCE90715F8DC7400666F1D /* SCESpecialTableCell.m in Sources */ = {isa = PBXBuildFile; fileRef = 37FCE90615F8DC7400666F1D /* SCESpecialTableCell.m */; };
		37FCE90915F8DC8A00666F1D /* SCESpecialTableCell.xib in Resources */ = {isa = PBXBuildFile; fileRef = 37FCE90815F8DC8A00666F1D /* SCESpecialTableCell.xib */; };
		37FCE90D15F8DCDF00666F1D /* SCENewsTableCell.m in Sources */ = {isa = PBXBuildFile; fileRef = 37FCE90C15F8DCDF00666F1D /* SCENewsTableCell.m */; };
		37FCE90F15F8DD2C00666F1D /* SCENewsTableCell.xib in Resources */ = {isa = PBXBuildFile; fileRef = 37FCE90E15F8DD2C00666F1D /* SCENewsTableCell.xib */; };
		4F0141411610D78F0096672A /* cell_bkgd.png in Resources */ = {isa = PBXBuildFile; fileRef = 4F0141391610D78F0096672A /* cell_bkgd.png */; };
		4F0141421610D78F0096672A /* cell_bkgd@2x.png in Resources */ = {isa = PBXBuildFile; fileRef = 4F01413A1610D78F0096672A /* cell_bkgd@2x.png */; };
		4F0141431610D78F0096672A /* single_bkgd.png in Resources */ = {isa = PBXBuildFile; fileRef = 4F01413B1610D78F0096672A /* single_bkgd.png */; };
		4F0141441610D78F0096672A /* single_bkgd@2x.png in Resources */ = {isa = PBXBuildFile; fileRef = 4F01413C1610D78F0096672A /* single_bkgd@2x.png */; };
		4F0141451610D78F0096672A /* single_content_bkgd.png in Resources */ = {isa = PBXBuildFile; fileRef = 4F01413D1610D78F0096672A /* single_content_bkgd.png */; };
		4F0141461610D78F0096672A /* single_content_bkgd@2x.png in Resources */ = {isa = PBXBuildFile; fileRef = 4F01413E1610D78F0096672A /* single_content_bkgd@2x.png */; };
		4F0141471610D78F0096672A /* single_header_bkgd.png in Resources */ = {isa = PBXBuildFile; fileRef = 4F01413F1610D78F0096672A /* single_header_bkgd.png */; };
		4F0141481610D78F0096672A /* single_header_bkgd@2x.png in Resources */ = {isa = PBXBuildFile; fileRef = 4F0141401610D78F0096672A /* single_header_bkgd@2x.png */; };
		4F01414B1610D7A20096672A /* test_thumb.png in Resources */ = {isa = PBXBuildFile; fileRef = 4F0141491610D7A20096672A /* test_thumb.png */; };
		4F01414C1610D7A20096672A /* test_thumb@2x.png in Resources */ = {isa = PBXBuildFile; fileRef = 4F01414A1610D7A20096672A /* test_thumb@2x.png */; };
		4F01414F1610D8210096672A /* feed_bkgd.png in Resources */ = {isa = PBXBuildFile; fileRef = 4F01414D1610D8210096672A /* feed_bkgd.png */; };
		4F0141501610D8210096672A /* feed_bkgd@2x.png in Resources */ = {isa = PBXBuildFile; fileRef = 4F01414E1610D8210096672A /* feed_bkgd@2x.png */; };
		4F3D7555161F371E00AFD042 /* SCENewsSingle.xib in Resources */ = {isa = PBXBuildFile; fileRef = 4F3D7554161F371E00AFD042 /* SCENewsSingle.xib */; };
		4FDF6377160B54D100A947A9 /* call_btn.png in Resources */ = {isa = PBXBuildFile; fileRef = 4FDF6373160B54D100A947A9 /* call_btn.png */; };
		4FDF6378160B54D100A947A9 /* call_btn@2x.png in Resources */ = {isa = PBXBuildFile; fileRef = 4FDF6374160B54D100A947A9 /* call_btn@2x.png */; };
		4FDF6379160B54D100A947A9 /* directions_btn.png in Resources */ = {isa = PBXBuildFile; fileRef = 4FDF6375160B54D100A947A9 /* directions_btn.png */; };
		4FDF637A160B54D100A947A9 /* directions_btn@2x.png in Resources */ = {isa = PBXBuildFile; fileRef = 4FDF6376160B54D100A947A9 /* directions_btn@2x.png */; };
		4FDF6385160B54FB00A947A9 /* SCEConnectWebsiteButton.xib in Resources */ = {isa = PBXBuildFile; fileRef = 4FDF637D160B54FB00A947A9 /* SCEConnectWebsiteButton.xib */; };
		4FDF6386160B54FB00A947A9 /* SCEConnectTwitterButton.xib in Resources */ = {isa = PBXBuildFile; fileRef = 4FDF637E160B54FB00A947A9 /* SCEConnectTwitterButton.xib */; };
		4FDF6388160B54FB00A947A9 /* SCEPlaceDetailHeadView.xib in Resources */ = {isa = PBXBuildFile; fileRef = 4FDF6380160B54FB00A947A9 /* SCEPlaceDetailHeadView.xib */; };
		4FDF638A160B54FB00A947A9 /* SCEConnectFacebookButton.xib in Resources */ = {isa = PBXBuildFile; fileRef = 4FDF6382160B54FB00A947A9 /* SCEConnectFacebookButton.xib */; };
		4FDF638B160B54FB00A947A9 /* SCEDirectionsButton.xib in Resources */ = {isa = PBXBuildFile; fileRef = 4FDF6383160B54FB00A947A9 /* SCEDirectionsButton.xib */; };
		4FDF638C160B54FB00A947A9 /* SCECallButton.xib in Resources */ = {isa = PBXBuildFile; fileRef = 4FDF6384160B54FB00A947A9 /* SCECallButton.xib */; };
		4FDF6391160B5A7800A947A9 /* facebook_btn.png in Resources */ = {isa = PBXBuildFile; fileRef = 4FDF638D160B5A7800A947A9 /* facebook_btn.png */; };
		4FDF6392160B5A7800A947A9 /* facebook_btn@2x.png in Resources */ = {isa = PBXBuildFile; fileRef = 4FDF638E160B5A7800A947A9 /* facebook_btn@2x.png */; };
		4FDF6393160B5A7800A947A9 /* twitter_btn.png in Resources */ = {isa = PBXBuildFile; fileRef = 4FDF638F160B5A7800A947A9 /* twitter_btn.png */; };
		4FDF6394160B5A7800A947A9 /* twitter_btn@2x.png in Resources */ = {isa = PBXBuildFile; fileRef = 4FDF6390160B5A7800A947A9 /* twitter_btn@2x.png */; };
		4FDF6397160B5B4A00A947A9 /* website_btn.png in Resources */ = {isa = PBXBuildFile; fileRef = 4FDF6395160B5B4A00A947A9 /* website_btn.png */; };
		4FDF6398160B5B4A00A947A9 /* website_btn@2x.png in Resources */ = {isa = PBXBuildFile; fileRef = 4FDF6396160B5B4A00A947A9 /* website_btn@2x.png */; };
/* End PBXBuildFile section */

/* Begin PBXFileReference section */
		3703A4C11616354D00B95980 /* SCEURLImage.h */ = {isa = PBXFileReference; fileEncoding = 4; lastKnownFileType = sourcecode.c.h; path = SCEURLImage.h; sourceTree = "<group>"; };
		3703A4C21616354D00B95980 /* SCEURLImage.m */ = {isa = PBXFileReference; fileEncoding = 4; lastKnownFileType = sourcecode.c.objc; path = SCEURLImage.m; sourceTree = "<group>"; };
		371965D31614B4AD0069A41E /* clock.png */ = {isa = PBXFileReference; lastKnownFileType = image.png; path = clock.png; sourceTree = "<group>"; };
		371965D41614B4AE0069A41E /* clock@2x.png */ = {isa = PBXFileReference; lastKnownFileType = image.png; path = "clock@2x.png"; sourceTree = "<group>"; };
		371965D81614FC170069A41E /* SCEUtils.h */ = {isa = PBXFileReference; fileEncoding = 4; lastKnownFileType = sourcecode.c.h; path = SCEUtils.h; sourceTree = "<group>"; };
		371965D91614FC170069A41E /* SCEUtils.m */ = {isa = PBXFileReference; fileEncoding = 4; lastKnownFileType = sourcecode.c.objc; path = SCEUtils.m; sourceTree = "<group>"; };
		3747AC5E15FA74840053BC32 /* SCESpecial.h */ = {isa = PBXFileReference; fileEncoding = 4; lastKnownFileType = sourcecode.c.h; path = SCESpecial.h; sourceTree = "<group>"; };
		3747AC5F15FA74840053BC32 /* SCESpecial.m */ = {isa = PBXFileReference; fileEncoding = 4; lastKnownFileType = sourcecode.c.objc; path = SCESpecial.m; sourceTree = "<group>"; };
		3747AC6215FA76BB0053BC32 /* SCENewsStub.h */ = {isa = PBXFileReference; fileEncoding = 4; lastKnownFileType = sourcecode.c.h; path = SCENewsStub.h; sourceTree = "<group>"; };
		3747AC6315FA76BB0053BC32 /* SCENewsStub.m */ = {isa = PBXFileReference; fileEncoding = 4; lastKnownFileType = sourcecode.c.objc; path = SCENewsStub.m; sourceTree = "<group>"; };
		3747AC6615FA886A0053BC32 /* SCEPlaceStore.h */ = {isa = PBXFileReference; fileEncoding = 4; lastKnownFileType = sourcecode.c.h; path = SCEPlaceStore.h; sourceTree = "<group>"; };
		3747AC6715FA886A0053BC32 /* SCEPlaceStore.m */ = {isa = PBXFileReference; fileEncoding = 4; lastKnownFileType = sourcecode.c.objc; path = SCEPlaceStore.m; sourceTree = "<group>"; };
		3747AC7015FA92940053BC32 /* JSONSerializable.h */ = {isa = PBXFileReference; lastKnownFileType = sourcecode.c.h; path = JSONSerializable.h; sourceTree = "<group>"; };
		37570410160A7825004A6D45 /* SCEFeedSource.h */ = {isa = PBXFileReference; fileEncoding = 4; lastKnownFileType = sourcecode.c.h; path = SCEFeedSource.h; sourceTree = "<group>"; };
		37570411160A7825004A6D45 /* SCEFeedSource.m */ = {isa = PBXFileReference; fileEncoding = 4; lastKnownFileType = sourcecode.c.objc; path = SCEFeedSource.m; sourceTree = "<group>"; };
		37642D7815F6A0670024B6A2 /* OaklandScene.app */ = {isa = PBXFileReference; explicitFileType = wrapper.application; includeInIndex = 0; path = OaklandScene.app; sourceTree = BUILT_PRODUCTS_DIR; };
		37642D7C15F6A0670024B6A2 /* UIKit.framework */ = {isa = PBXFileReference; lastKnownFileType = wrapper.framework; name = UIKit.framework; path = System/Library/Frameworks/UIKit.framework; sourceTree = SDKROOT; };
		37642D7E15F6A0670024B6A2 /* Foundation.framework */ = {isa = PBXFileReference; lastKnownFileType = wrapper.framework; name = Foundation.framework; path = System/Library/Frameworks/Foundation.framework; sourceTree = SDKROOT; };
		37642D8015F6A0670024B6A2 /* CoreGraphics.framework */ = {isa = PBXFileReference; lastKnownFileType = wrapper.framework; name = CoreGraphics.framework; path = System/Library/Frameworks/CoreGraphics.framework; sourceTree = SDKROOT; };
		37642D8415F6A0670024B6A2 /* OaklandScene-Info.plist */ = {isa = PBXFileReference; lastKnownFileType = text.plist.xml; path = "OaklandScene-Info.plist"; sourceTree = "<group>"; };
		37642D8615F6A0670024B6A2 /* en */ = {isa = PBXFileReference; lastKnownFileType = text.plist.strings; name = en; path = en.lproj/InfoPlist.strings; sourceTree = "<group>"; };
		37642D8815F6A0670024B6A2 /* main.m */ = {isa = PBXFileReference; lastKnownFileType = sourcecode.c.objc; path = main.m; sourceTree = "<group>"; };
		37642D8A15F6A0670024B6A2 /* OaklandScene-Prefix.pch */ = {isa = PBXFileReference; lastKnownFileType = sourcecode.c.h; path = "OaklandScene-Prefix.pch"; sourceTree = "<group>"; };
		37642D8B15F6A0670024B6A2 /* SCEAppDelegate.h */ = {isa = PBXFileReference; lastKnownFileType = sourcecode.c.h; path = SCEAppDelegate.h; sourceTree = "<group>"; };
		37642D8C15F6A0670024B6A2 /* SCEAppDelegate.m */ = {isa = PBXFileReference; lastKnownFileType = sourcecode.c.objc; path = SCEAppDelegate.m; sourceTree = "<group>"; };
		37642D9115F6A0670024B6A2 /* first.png */ = {isa = PBXFileReference; lastKnownFileType = image.png; path = first.png; sourceTree = "<group>"; };
		37642D9315F6A0670024B6A2 /* first@2x.png */ = {isa = PBXFileReference; lastKnownFileType = image.png; path = "first@2x.png"; sourceTree = "<group>"; };
		37642D9515F6A0670024B6A2 /* SCETodayViewController.h */ = {isa = PBXFileReference; lastKnownFileType = sourcecode.c.h; path = SCETodayViewController.h; sourceTree = "<group>"; };
		37642D9615F6A0670024B6A2 /* SCETodayViewController.m */ = {isa = PBXFileReference; lastKnownFileType = sourcecode.c.objc; path = SCETodayViewController.m; sourceTree = "<group>"; };
		37642D9815F6A0670024B6A2 /* second.png */ = {isa = PBXFileReference; lastKnownFileType = image.png; path = second.png; sourceTree = "<group>"; };
		37642D9A15F6A0670024B6A2 /* second@2x.png */ = {isa = PBXFileReference; lastKnownFileType = image.png; path = "second@2x.png"; sourceTree = "<group>"; };
		37642DA015F6A0670024B6A2 /* en */ = {isa = PBXFileReference; lastKnownFileType = file.xib; name = en; path = en.lproj/SCETodayViewController.xib; sourceTree = "<group>"; };
		37642DD515F7B5980024B6A2 /* SCEFeedViewController.h */ = {isa = PBXFileReference; fileEncoding = 4; lastKnownFileType = sourcecode.c.h; name = SCEFeedViewController.h; path = ../SCEFeedViewController.h; sourceTree = "<group>"; };
		37642DD615F7B5980024B6A2 /* SCEFeedViewController.m */ = {isa = PBXFileReference; fileEncoding = 4; lastKnownFileType = sourcecode.c.objc; name = SCEFeedViewController.m; path = ../SCEFeedViewController.m; sourceTree = "<group>"; };
		37642DDF15F7B69C0024B6A2 /* SCEFeedMapViewController.h */ = {isa = PBXFileReference; fileEncoding = 4; lastKnownFileType = sourcecode.c.h; path = SCEFeedMapViewController.h; sourceTree = "<group>"; };
		37642DE015F7B69C0024B6A2 /* SCEFeedMapViewController.m */ = {isa = PBXFileReference; fileEncoding = 4; lastKnownFileType = sourcecode.c.objc; path = SCEFeedMapViewController.m; sourceTree = "<group>"; };
		37642DE115F7B69D0024B6A2 /* SCEFeedMapViewController.xib */ = {isa = PBXFileReference; fileEncoding = 4; lastKnownFileType = file.xib; path = SCEFeedMapViewController.xib; sourceTree = "<group>"; };
		37642DE915F7B7DD0024B6A2 /* SCEFeedTableCell.h */ = {isa = PBXFileReference; fileEncoding = 4; lastKnownFileType = sourcecode.c.h; name = SCEFeedTableCell.h; path = ../SCEFeedTableCell.h; sourceTree = "<group>"; };
		37642DEA15F7B7DD0024B6A2 /* SCEFeedTableCell.m */ = {isa = PBXFileReference; fileEncoding = 4; lastKnownFileType = sourcecode.c.objc; name = SCEFeedTableCell.m; path = ../SCEFeedTableCell.m; sourceTree = "<group>"; };
		37642DF115F7B8BE0024B6A2 /* SCEPlaceTableCell.xib */ = {isa = PBXFileReference; fileEncoding = 4; lastKnownFileType = file.xib; path = SCEPlaceTableCell.xib; sourceTree = "<group>"; };
		37642DF315F7B8DC0024B6A2 /* SCEPlaceTableCell.h */ = {isa = PBXFileReference; fileEncoding = 4; lastKnownFileType = sourcecode.c.h; path = SCEPlaceTableCell.h; sourceTree = "<group>"; };
		37642DF415F7B8DC0024B6A2 /* SCEPlaceTableCell.m */ = {isa = PBXFileReference; fileEncoding = 4; lastKnownFileType = sourcecode.c.objc; path = SCEPlaceTableCell.m; sourceTree = "<group>"; };
		37642DF915F7B9DA0024B6A2 /* SCEPlaceViewController.h */ = {isa = PBXFileReference; fileEncoding = 4; lastKnownFileType = sourcecode.c.h; path = SCEPlaceViewController.h; sourceTree = "<group>"; };
		37642DFA15F7B9DA0024B6A2 /* SCEPlaceViewController.m */ = {isa = PBXFileReference; fileEncoding = 4; lastKnownFileType = sourcecode.c.objc; path = SCEPlaceViewController.m; sourceTree = "<group>"; };
		37642E0615F7BBE10024B6A2 /* SCEPlaceFeedViewController.h */ = {isa = PBXFileReference; fileEncoding = 4; lastKnownFileType = sourcecode.c.h; path = SCEPlaceFeedViewController.h; sourceTree = "<group>"; };
		37642E0715F7BBE20024B6A2 /* SCEPlaceFeedViewController.m */ = {isa = PBXFileReference; fileEncoding = 4; lastKnownFileType = sourcecode.c.objc; path = SCEPlaceFeedViewController.m; sourceTree = "<group>"; };
		37642E0915F7BCC00024B6A2 /* SCEEventFeedViewController.h */ = {isa = PBXFileReference; fileEncoding = 4; lastKnownFileType = sourcecode.c.h; path = SCEEventFeedViewController.h; sourceTree = "<group>"; };
		37642E0A15F7BCC00024B6A2 /* SCEEventFeedViewController.m */ = {isa = PBXFileReference; fileEncoding = 4; lastKnownFileType = sourcecode.c.objc; path = SCEEventFeedViewController.m; sourceTree = "<group>"; };
		37642E0C15F7BCD60024B6A2 /* SCESpecialFeedViewController.h */ = {isa = PBXFileReference; fileEncoding = 4; lastKnownFileType = sourcecode.c.h; path = SCESpecialFeedViewController.h; sourceTree = "<group>"; };
		37642E0D15F7BCD60024B6A2 /* SCESpecialFeedViewController.m */ = {isa = PBXFileReference; fileEncoding = 4; lastKnownFileType = sourcecode.c.objc; path = SCESpecialFeedViewController.m; sourceTree = "<group>"; };
		37642E0F15F7BCEA0024B6A2 /* SCENewsFeedViewController.h */ = {isa = PBXFileReference; fileEncoding = 4; lastKnownFileType = sourcecode.c.h; path = SCENewsFeedViewController.h; sourceTree = "<group>"; };
		37642E1015F7BCEA0024B6A2 /* SCENewsFeedViewController.m */ = {isa = PBXFileReference; fileEncoding = 4; lastKnownFileType = sourcecode.c.objc; path = SCENewsFeedViewController.m; sourceTree = "<group>"; };
		3764E7BE1610E42B00F5977F /* SCEPlaceDetailView.h */ = {isa = PBXFileReference; fileEncoding = 4; lastKnownFileType = sourcecode.c.h; path = SCEPlaceDetailView.h; sourceTree = "<group>"; };
		3764E7BF1610E42B00F5977F /* SCEPlaceDetailView.m */ = {isa = PBXFileReference; fileEncoding = 4; lastKnownFileType = sourcecode.c.objc; path = SCEPlaceDetailView.m; sourceTree = "<group>"; };
		3764E7D31610EAA200F5977F /* SCEHoursView.h */ = {isa = PBXFileReference; fileEncoding = 4; lastKnownFileType = sourcecode.c.h; path = SCEHoursView.h; sourceTree = "<group>"; };
		3764E7D41610EAA200F5977F /* SCEHoursView.m */ = {isa = PBXFileReference; fileEncoding = 4; lastKnownFileType = sourcecode.c.objc; path = SCEHoursView.m; sourceTree = "<group>"; };
		3764E7D61610EAC400F5977F /* SCEAboutView.h */ = {isa = PBXFileReference; fileEncoding = 4; lastKnownFileType = sourcecode.c.h; path = SCEAboutView.h; sourceTree = "<group>"; };
		3764E7D71610EAC400F5977F /* SCEAboutView.m */ = {isa = PBXFileReference; fileEncoding = 4; lastKnownFileType = sourcecode.c.objc; path = SCEAboutView.m; sourceTree = "<group>"; };
		3764E7E91610F94F00F5977F /* SCEPlaceDetailHeadView.h */ = {isa = PBXFileReference; fileEncoding = 4; lastKnownFileType = sourcecode.c.h; path = SCEPlaceDetailHeadView.h; sourceTree = "<group>"; };
		3764E7EA1610F94F00F5977F /* SCEPlaceDetailHeadView.m */ = {isa = PBXFileReference; fileEncoding = 4; lastKnownFileType = sourcecode.c.objc; path = SCEPlaceDetailHeadView.m; sourceTree = "<group>"; };
		3765EDD4160A39C7004E9225 /* SCEFeedLoadingCell.h */ = {isa = PBXFileReference; fileEncoding = 4; lastKnownFileType = sourcecode.c.h; path = SCEFeedLoadingCell.h; sourceTree = "<group>"; };
		3765EDD5160A39C7004E9225 /* SCEFeedLoadingCell.m */ = {isa = PBXFileReference; fileEncoding = 4; lastKnownFileType = sourcecode.c.objc; path = SCEFeedLoadingCell.m; sourceTree = "<group>"; };
		3765EDD7160A39DF004E9225 /* SCEFeedStaticCell.h */ = {isa = PBXFileReference; fileEncoding = 4; lastKnownFileType = sourcecode.c.h; path = SCEFeedStaticCell.h; sourceTree = "<group>"; };
		3765EDD8160A39DF004E9225 /* SCEFeedStaticCell.m */ = {isa = PBXFileReference; fileEncoding = 4; lastKnownFileType = sourcecode.c.objc; path = SCEFeedStaticCell.m; sourceTree = "<group>"; };
		3765EDDA160A3A07004E9225 /* SCEFeedLoadingCell.xib */ = {isa = PBXFileReference; fileEncoding = 4; lastKnownFileType = file.xib; path = SCEFeedLoadingCell.xib; sourceTree = "<group>"; };
		3765EDDC160A3A25004E9225 /* SCEFeedStaticCell.xib */ = {isa = PBXFileReference; fileEncoding = 4; lastKnownFileType = file.xib; path = SCEFeedStaticCell.xib; sourceTree = "<group>"; };
		37C99A33161CA4D10090A76B /* ISO8601DateFormatter.h */ = {isa = PBXFileReference; lastKnownFileType = sourcecode.c.h; path = ISO8601DateFormatter.h; sourceTree = "<group>"; };
		37C99A34161CA4D10090A76B /* ISO8601DateFormatter.m */ = {isa = PBXFileReference; lastKnownFileType = sourcecode.c.objc; path = ISO8601DateFormatter.m; sourceTree = "<group>"; };
		37C99A35161CABB80090A76B /* events-10032012.json */ = {isa = PBXFileReference; fileEncoding = 4; lastKnownFileType = text.json; path = "events-10032012.json"; sourceTree = "<group>"; };
		37C99A37161CABE10090A76B /* places-10032012.json */ = {isa = PBXFileReference; fileEncoding = 4; lastKnownFileType = text.json; path = "places-10032012.json"; sourceTree = "<group>"; };
		37C99A39161CAC0E0090A76B /* SCEEventItemSource.h */ = {isa = PBXFileReference; fileEncoding = 4; lastKnownFileType = sourcecode.c.h; path = SCEEventItemSource.h; sourceTree = "<group>"; };
		37C99A3A161CAC0E0090A76B /* SCEEventItemSource.m */ = {isa = PBXFileReference; fileEncoding = 4; lastKnownFileType = sourcecode.c.objc; path = SCEEventItemSource.m; sourceTree = "<group>"; };
		37C99A3C161CAF6F0090A76B /* SCEEventDetailView.h */ = {isa = PBXFileReference; fileEncoding = 4; lastKnownFileType = sourcecode.c.h; path = SCEEventDetailView.h; sourceTree = "<group>"; };
		37C99A3D161CAF6F0090A76B /* SCEEventDetailView.m */ = {isa = PBXFileReference; fileEncoding = 4; lastKnownFileType = sourcecode.c.objc; path = SCEEventDetailView.m; sourceTree = "<group>"; };
		37C99A42161CB2B30090A76B /* SCEItemStore.h */ = {isa = PBXFileReference; lastKnownFileType = sourcecode.c.h; path = SCEItemStore.h; sourceTree = "<group>"; };
		37C99A44161CED580090A76B /* SCESpecialStore.h */ = {isa = PBXFileReference; fileEncoding = 4; lastKnownFileType = sourcecode.c.h; path = SCESpecialStore.h; sourceTree = "<group>"; };
		37C99A45161CED580090A76B /* SCESpecialStore.m */ = {isa = PBXFileReference; fileEncoding = 4; lastKnownFileType = sourcecode.c.objc; path = SCESpecialStore.m; sourceTree = "<group>"; };
		37C99A47161CEF650090A76B /* specials-10032012.json */ = {isa = PBXFileReference; fileEncoding = 4; lastKnownFileType = text.json; path = "specials-10032012.json"; sourceTree = "<group>"; };
		37C99A49161CF0E60090A76B /* SCESpecialItemSource.h */ = {isa = PBXFileReference; fileEncoding = 4; lastKnownFileType = sourcecode.c.h; path = SCESpecialItemSource.h; sourceTree = "<group>"; };
		37C99A4A161CF0E60090A76B /* SCESpecialItemSource.m */ = {isa = PBXFileReference; fileEncoding = 4; lastKnownFileType = sourcecode.c.objc; path = SCESpecialItemSource.m; sourceTree = "<group>"; };
		37C99A4C161CF7970090A76B /* SCESpecialDetailView.h */ = {isa = PBXFileReference; fileEncoding = 4; lastKnownFileType = sourcecode.c.h; path = SCESpecialDetailView.h; sourceTree = "<group>"; };
		37C99A4D161CF7970090A76B /* SCESpecialDetailView.m */ = {isa = PBXFileReference; fileEncoding = 4; lastKnownFileType = sourcecode.c.objc; path = SCESpecialDetailView.m; sourceTree = "<group>"; };
		37C99A54161DE9DB0090A76B /* SCESpecialDetailHeadView.xib */ = {isa = PBXFileReference; fileEncoding = 4; lastKnownFileType = file.xib; path = SCESpecialDetailHeadView.xib; sourceTree = "<group>"; };
		37C99A56161DE9F10090A76B /* SCESpecialDetailHeadView.h */ = {isa = PBXFileReference; fileEncoding = 4; lastKnownFileType = sourcecode.c.h; path = SCESpecialDetailHeadView.h; sourceTree = "<group>"; };
		37C99A57161DE9F10090A76B /* SCESpecialDetailHeadView.m */ = {isa = PBXFileReference; fileEncoding = 4; lastKnownFileType = sourcecode.c.objc; path = SCESpecialDetailHeadView.m; sourceTree = "<group>"; };
		37C99A59161DEA0E0090A76B /* SCESpecialRedeemPrompt.h */ = {isa = PBXFileReference; fileEncoding = 4; lastKnownFileType = sourcecode.c.h; path = SCESpecialRedeemPrompt.h; sourceTree = "<group>"; };
		37C99A5A161DEA0F0090A76B /* SCESpecialRedeemPrompt.m */ = {isa = PBXFileReference; fileEncoding = 4; lastKnownFileType = sourcecode.c.objc; path = SCESpecialRedeemPrompt.m; sourceTree = "<group>"; };
		37C99A5C161DEA790090A76B /* SCEPlaceStubView.h */ = {isa = PBXFileReference; fileEncoding = 4; lastKnownFileType = sourcecode.c.h; path = SCEPlaceStubView.h; sourceTree = "<group>"; };
		37C99A5D161DEA790090A76B /* SCEPlaceStubView.m */ = {isa = PBXFileReference; fileEncoding = 4; lastKnownFileType = sourcecode.c.objc; path = SCEPlaceStubView.m; sourceTree = "<group>"; };
		37C99A5F161DEA8C0090A76B /* SCEPlaceStubView.xib */ = {isa = PBXFileReference; fileEncoding = 4; lastKnownFileType = file.xib; path = SCEPlaceStubView.xib; sourceTree = "<group>"; };
		37C99A61161DFD910090A76B /* SCESimpleAnnotation.h */ = {isa = PBXFileReference; fileEncoding = 4; lastKnownFileType = sourcecode.c.h; path = SCESimpleAnnotation.h; sourceTree = "<group>"; };
		37C99A62161DFD920090A76B /* SCESimpleAnnotation.m */ = {isa = PBXFileReference; fileEncoding = 4; lastKnownFileType = sourcecode.c.objc; path = SCESimpleAnnotation.m; sourceTree = "<group>"; };
		37C99A70161E29160090A76B /* default-event.png */ = {isa = PBXFileReference; lastKnownFileType = image.png; path = "default-event.png"; sourceTree = "<group>"; };
		37C99A71161E29160090A76B /* default-event@2x.png */ = {isa = PBXFileReference; lastKnownFileType = image.png; path = "default-event@2x.png"; sourceTree = "<group>"; };
		37C99A72161E29160090A76B /* default-place.png */ = {isa = PBXFileReference; lastKnownFileType = image.png; path = "default-place.png"; sourceTree = "<group>"; };
		37C99A73161E29160090A76B /* default-place@2x.png */ = {isa = PBXFileReference; lastKnownFileType = image.png; path = "default-place@2x.png"; sourceTree = "<group>"; };
		37C99A74161E29160090A76B /* default-special.png */ = {isa = PBXFileReference; lastKnownFileType = image.png; path = "default-special.png"; sourceTree = "<group>"; };
		37C99A75161E29160090A76B /* default-special@2x.png */ = {isa = PBXFileReference; lastKnownFileType = image.png; path = "default-special@2x.png"; sourceTree = "<group>"; };
		37C99A87161E31560090A76B /* Default@2x~iphone.png */ = {isa = PBXFileReference; lastKnownFileType = image.png; path = "Default@2x~iphone.png"; sourceTree = "<group>"; };
		37C99A88161E31560090A76B /* Default~iphone.png */ = {isa = PBXFileReference; lastKnownFileType = image.png; path = "Default~iphone.png"; sourceTree = "<group>"; };
		37C99A89161E31560090A76B /* landscape1.png */ = {isa = PBXFileReference; lastKnownFileType = image.png; path = landscape1.png; sourceTree = "<group>"; };
		37C99A8A161E31560090A76B /* landscape2.png */ = {isa = PBXFileReference; lastKnownFileType = image.png; path = landscape2.png; sourceTree = "<group>"; };
		37C99A8B161E31560090A76B /* Default-568h@2x.png */ = {isa = PBXFileReference; lastKnownFileType = image.png; path = "Default-568h@2x.png"; sourceTree = "<group>"; };
		37C99A8C161E31560090A76B /* portrait2.png */ = {isa = PBXFileReference; lastKnownFileType = image.png; path = portrait2.png; sourceTree = "<group>"; };
		37C99AA0161E32280090A76B /* icon.png */ = {isa = PBXFileReference; lastKnownFileType = image.png; path = icon.png; sourceTree = "<group>"; };
		37C99AA2161E32420090A76B /* icon@2x.png */ = {isa = PBXFileReference; lastKnownFileType = image.png; path = "icon@2x.png"; sourceTree = "<group>"; };
		37C99AA5161E5B2F0090A76B /* SCEEventDetailHeadView.h */ = {isa = PBXFileReference; fileEncoding = 4; lastKnownFileType = sourcecode.c.h; path = SCEEventDetailHeadView.h; sourceTree = "<group>"; };
		37C99AA6161E5B2F0090A76B /* SCEEventDetailHeadView.m */ = {isa = PBXFileReference; fileEncoding = 4; lastKnownFileType = sourcecode.c.objc; path = SCEEventDetailHeadView.m; sourceTree = "<group>"; };
		37CD7F1E1615EBC5004F840F /* README */ = {isa = PBXFileReference; fileEncoding = 4; lastKnownFileType = text; path = README; sourceTree = SOURCE_ROOT; };
		37D995A115F940030045CAE5 /* MapKit.framework */ = {isa = PBXFileReference; lastKnownFileType = wrapper.framework; name = MapKit.framework; path = System/Library/Frameworks/MapKit.framework; sourceTree = SDKROOT; };
		37E3EA2C15FA67BD00964876 /* SCEPlace.h */ = {isa = PBXFileReference; fileEncoding = 4; lastKnownFileType = sourcecode.c.h; path = SCEPlace.h; sourceTree = "<group>"; };
		37E3EA2D15FA67BD00964876 /* SCEPlace.m */ = {isa = PBXFileReference; fileEncoding = 4; lastKnownFileType = sourcecode.c.objc; path = SCEPlace.m; sourceTree = "<group>"; };
		37E3EA3015FA67DC00964876 /* SCEGeocoded.h */ = {isa = PBXFileReference; lastKnownFileType = sourcecode.c.h; path = SCEGeocoded.h; sourceTree = "<group>"; };
		37E3EA3515FA683800964876 /* CoreLocation.framework */ = {isa = PBXFileReference; lastKnownFileType = wrapper.framework; name = CoreLocation.framework; path = System/Library/Frameworks/CoreLocation.framework; sourceTree = SDKROOT; };
		37E3EA3715FA697900964876 /* SCECategory.h */ = {isa = PBXFileReference; fileEncoding = 4; lastKnownFileType = sourcecode.c.h; path = SCECategory.h; sourceTree = "<group>"; };
		37E3EA3815FA697900964876 /* SCECategory.m */ = {isa = PBXFileReference; fileEncoding = 4; lastKnownFileType = sourcecode.c.objc; path = SCECategory.m; sourceTree = "<group>"; };
		37E3EA3A15FA71C900964876 /* SCEEvent.h */ = {isa = PBXFileReference; fileEncoding = 4; lastKnownFileType = sourcecode.c.h; path = SCEEvent.h; sourceTree = "<group>"; };
		37E3EA3B15FA71C900964876 /* SCEEvent.m */ = {isa = PBXFileReference; fileEncoding = 4; lastKnownFileType = sourcecode.c.objc; path = SCEEvent.m; sourceTree = "<group>"; };
		37EB7A08161A864F00E56154 /* SCEFeedViewDelegate.h */ = {isa = PBXFileReference; lastKnownFileType = sourcecode.c.h; path = SCEFeedViewDelegate.h; sourceTree = "<group>"; };
		37EB7A12161B60DE00E56154 /* SCEFeedViewDataSource.h */ = {isa = PBXFileReference; lastKnownFileType = sourcecode.c.h; path = SCEFeedViewDataSource.h; sourceTree = "<group>"; };
		37EB7A13161B62B600E56154 /* SCEFeedView.h */ = {isa = PBXFileReference; fileEncoding = 4; lastKnownFileType = sourcecode.c.h; path = SCEFeedView.h; sourceTree = "<group>"; };
		37EB7A14161B62B600E56154 /* SCEFeedView.m */ = {isa = PBXFileReference; fileEncoding = 4; lastKnownFileType = sourcecode.c.objc; path = SCEFeedView.m; sourceTree = "<group>"; };
		37EB7A16161B740D00E56154 /* SCEFeedItemSource.h */ = {isa = PBXFileReference; lastKnownFileType = sourcecode.c.h; path = SCEFeedItemSource.h; sourceTree = "<group>"; };
		37EB7A17161B8D5C00E56154 /* SCEPlaceItemSource.h */ = {isa = PBXFileReference; fileEncoding = 4; lastKnownFileType = sourcecode.c.h; path = SCEPlaceItemSource.h; sourceTree = "<group>"; };
		37EB7A18161B8D5C00E56154 /* SCEPlaceItemSource.m */ = {isa = PBXFileReference; fileEncoding = 4; lastKnownFileType = sourcecode.c.objc; path = SCEPlaceItemSource.m; sourceTree = "<group>"; };
		37EB7A1A161BC37000E56154 /* SCEResultsInfoBar.h */ = {isa = PBXFileReference; fileEncoding = 4; lastKnownFileType = sourcecode.c.h; path = SCEResultsInfoBar.h; sourceTree = "<group>"; };
		37EB7A1B161BC37100E56154 /* SCEResultsInfoBar.m */ = {isa = PBXFileReference; fileEncoding = 4; lastKnownFileType = sourcecode.c.objc; path = SCEResultsInfoBar.m; sourceTree = "<group>"; };
		37ED1DCB16079928009CA46D /* SCECategoryPickerDelegate.h */ = {isa = PBXFileReference; lastKnownFileType = sourcecode.c.h; path = SCECategoryPickerDelegate.h; sourceTree = "<group>"; };
		37ED1DD41607BE4B009CA46D /* SCECategoryPickerDialogController.h */ = {isa = PBXFileReference; fileEncoding = 4; lastKnownFileType = sourcecode.c.h; path = SCECategoryPickerDialogController.h; sourceTree = "<group>"; };
		37ED1DD51607BE4B009CA46D /* SCECategoryPickerDialogController.m */ = {isa = PBXFileReference; fileEncoding = 4; lastKnownFileType = sourcecode.c.objc; path = SCECategoryPickerDialogController.m; sourceTree = "<group>"; };
		37ED1DD61607BE4B009CA46D /* SCECategoryPickerDialogController.xib */ = {isa = PBXFileReference; fileEncoding = 4; lastKnownFileType = file.xib; path = SCECategoryPickerDialogController.xib; sourceTree = "<group>"; };
		37F1004F16153208001AD8FE /* SCECategoryList.h */ = {isa = PBXFileReference; fileEncoding = 4; lastKnownFileType = sourcecode.c.h; path = SCECategoryList.h; sourceTree = "<group>"; };
		37F1005016153208001AD8FE /* SCECategoryList.m */ = {isa = PBXFileReference; fileEncoding = 4; lastKnownFileType = sourcecode.c.objc; path = SCECategoryList.m; sourceTree = "<group>"; };
		37F2253A160A292500140ED5 /* SCEEventStore.h */ = {isa = PBXFileReference; fileEncoding = 4; lastKnownFileType = sourcecode.c.h; path = SCEEventStore.h; sourceTree = "<group>"; };
		37F2253B160A292500140ED5 /* SCEEventStore.m */ = {isa = PBXFileReference; fileEncoding = 4; lastKnownFileType = sourcecode.c.objc; path = SCEEventStore.m; sourceTree = "<group>"; };
		37FAF1211600D17000048F72 /* SCEAPIConnection.h */ = {isa = PBXFileReference; fileEncoding = 4; lastKnownFileType = sourcecode.c.h; path = SCEAPIConnection.h; sourceTree = "<group>"; };
		37FAF1221600D17100048F72 /* SCEAPIConnection.m */ = {isa = PBXFileReference; fileEncoding = 4; lastKnownFileType = sourcecode.c.objc; path = SCEAPIConnection.m; sourceTree = "<group>"; };
		37FAF1241600D9DE00048F72 /* SCEAPIResponse.h */ = {isa = PBXFileReference; fileEncoding = 4; lastKnownFileType = sourcecode.c.h; path = SCEAPIResponse.h; sourceTree = "<group>"; };
		37FAF1251600D9DE00048F72 /* SCEAPIResponse.m */ = {isa = PBXFileReference; fileEncoding = 4; lastKnownFileType = sourcecode.c.objc; path = SCEAPIResponse.m; sourceTree = "<group>"; };
		37FCE8EE15F8D9C600666F1D /* SCEEventViewController.h */ = {isa = PBXFileReference; fileEncoding = 4; lastKnownFileType = sourcecode.c.h; path = SCEEventViewController.h; sourceTree = "<group>"; };
		37FCE8EF15F8D9C600666F1D /* SCEEventViewController.m */ = {isa = PBXFileReference; fileEncoding = 4; lastKnownFileType = sourcecode.c.objc; path = SCEEventViewController.m; sourceTree = "<group>"; };
		37FCE8F315F8D9E300666F1D /* SCESpecialViewController.h */ = {isa = PBXFileReference; fileEncoding = 4; lastKnownFileType = sourcecode.c.h; path = SCESpecialViewController.h; sourceTree = "<group>"; };
		37FCE8F415F8D9E300666F1D /* SCESpecialViewController.m */ = {isa = PBXFileReference; fileEncoding = 4; lastKnownFileType = sourcecode.c.objc; path = SCESpecialViewController.m; sourceTree = "<group>"; };
		37FCE8F815F8D9FE00666F1D /* SCENewsViewController.h */ = {isa = PBXFileReference; fileEncoding = 4; lastKnownFileType = sourcecode.c.h; path = SCENewsViewController.h; sourceTree = "<group>"; };
		37FCE8F915F8D9FE00666F1D /* SCENewsViewController.m */ = {isa = PBXFileReference; fileEncoding = 4; lastKnownFileType = sourcecode.c.objc; path = SCENewsViewController.m; sourceTree = "<group>"; };
		37FCE8FA15F8D9FE00666F1D /* SCENewsViewController.xib */ = {isa = PBXFileReference; fileEncoding = 4; lastKnownFileType = file.xib; path = SCENewsViewController.xib; sourceTree = "<group>"; };
		37FCE8FF15F8DBA900666F1D /* SCEEventTableCell.h */ = {isa = PBXFileReference; fileEncoding = 4; lastKnownFileType = sourcecode.c.h; path = SCEEventTableCell.h; sourceTree = "<group>"; };
		37FCE90015F8DBA900666F1D /* SCEEventTableCell.m */ = {isa = PBXFileReference; fileEncoding = 4; lastKnownFileType = sourcecode.c.objc; path = SCEEventTableCell.m; sourceTree = "<group>"; };
		37FCE90215F8DBCD00666F1D /* SCEEventTableCell.xib */ = {isa = PBXFileReference; fileEncoding = 4; lastKnownFileType = file.xib; path = SCEEventTableCell.xib; sourceTree = "<group>"; };
		37FCE90515F8DC7400666F1D /* SCESpecialTableCell.h */ = {isa = PBXFileReference; fileEncoding = 4; lastKnownFileType = sourcecode.c.h; path = SCESpecialTableCell.h; sourceTree = "<group>"; };
		37FCE90615F8DC7400666F1D /* SCESpecialTableCell.m */ = {isa = PBXFileReference; fileEncoding = 4; lastKnownFileType = sourcecode.c.objc; path = SCESpecialTableCell.m; sourceTree = "<group>"; };
		37FCE90815F8DC8A00666F1D /* SCESpecialTableCell.xib */ = {isa = PBXFileReference; fileEncoding = 4; lastKnownFileType = file.xib; path = SCESpecialTableCell.xib; sourceTree = "<group>"; };
		37FCE90B15F8DCDF00666F1D /* SCENewsTableCell.h */ = {isa = PBXFileReference; fileEncoding = 4; lastKnownFileType = sourcecode.c.h; path = SCENewsTableCell.h; sourceTree = "<group>"; };
		37FCE90C15F8DCDF00666F1D /* SCENewsTableCell.m */ = {isa = PBXFileReference; fileEncoding = 4; lastKnownFileType = sourcecode.c.objc; path = SCENewsTableCell.m; sourceTree = "<group>"; };
		37FCE90E15F8DD2C00666F1D /* SCENewsTableCell.xib */ = {isa = PBXFileReference; fileEncoding = 4; lastKnownFileType = file.xib; path = SCENewsTableCell.xib; sourceTree = "<group>"; };
		4F0141391610D78F0096672A /* cell_bkgd.png */ = {isa = PBXFileReference; lastKnownFileType = image.png; name = cell_bkgd.png; path = backgrounds/cell_bkgd.png; sourceTree = "<group>"; };
		4F01413A1610D78F0096672A /* cell_bkgd@2x.png */ = {isa = PBXFileReference; lastKnownFileType = image.png; name = "cell_bkgd@2x.png"; path = "backgrounds/cell_bkgd@2x.png"; sourceTree = "<group>"; };
		4F01413B1610D78F0096672A /* single_bkgd.png */ = {isa = PBXFileReference; lastKnownFileType = image.png; name = single_bkgd.png; path = backgrounds/single_bkgd.png; sourceTree = "<group>"; };
		4F01413C1610D78F0096672A /* single_bkgd@2x.png */ = {isa = PBXFileReference; lastKnownFileType = image.png; name = "single_bkgd@2x.png"; path = "backgrounds/single_bkgd@2x.png"; sourceTree = "<group>"; };
		4F01413D1610D78F0096672A /* single_content_bkgd.png */ = {isa = PBXFileReference; lastKnownFileType = image.png; name = single_content_bkgd.png; path = backgrounds/single_content_bkgd.png; sourceTree = "<group>"; };
		4F01413E1610D78F0096672A /* single_content_bkgd@2x.png */ = {isa = PBXFileReference; lastKnownFileType = image.png; name = "single_content_bkgd@2x.png"; path = "backgrounds/single_content_bkgd@2x.png"; sourceTree = "<group>"; };
		4F01413F1610D78F0096672A /* single_header_bkgd.png */ = {isa = PBXFileReference; lastKnownFileType = image.png; name = single_header_bkgd.png; path = backgrounds/single_header_bkgd.png; sourceTree = "<group>"; };
		4F0141401610D78F0096672A /* single_header_bkgd@2x.png */ = {isa = PBXFileReference; lastKnownFileType = image.png; name = "single_header_bkgd@2x.png"; path = "backgrounds/single_header_bkgd@2x.png"; sourceTree = "<group>"; };
		4F0141491610D7A20096672A /* test_thumb.png */ = {isa = PBXFileReference; lastKnownFileType = image.png; name = test_thumb.png; path = OaklandScene/test_thumb.png; sourceTree = SOURCE_ROOT; };
		4F01414A1610D7A20096672A /* test_thumb@2x.png */ = {isa = PBXFileReference; lastKnownFileType = image.png; name = "test_thumb@2x.png"; path = "OaklandScene/test_thumb@2x.png"; sourceTree = SOURCE_ROOT; };
		4F01414D1610D8210096672A /* feed_bkgd.png */ = {isa = PBXFileReference; lastKnownFileType = image.png; name = feed_bkgd.png; path = backgrounds/feed_bkgd.png; sourceTree = "<group>"; };
		4F01414E1610D8210096672A /* feed_bkgd@2x.png */ = {isa = PBXFileReference; lastKnownFileType = image.png; name = "feed_bkgd@2x.png"; path = "backgrounds/feed_bkgd@2x.png"; sourceTree = "<group>"; };
		4F3D7554161F371E00AFD042 /* SCENewsSingle.xib */ = {isa = PBXFileReference; fileEncoding = 4; lastKnownFileType = file.xib; path = SCENewsSingle.xib; sourceTree = "<group>"; };
		4F8C74341615029300E994E6 /* placepage_btn.png */ = {isa = PBXFileReference; lastKnownFileType = image.png; path = placepage_btn.png; sourceTree = "<group>"; };
		4F8C74351615029300E994E6 /* placepage_btn@2x.png */ = {isa = PBXFileReference; lastKnownFileType = image.png; path = "placepage_btn@2x.png"; sourceTree = "<group>"; };
		4F8C743D16150EC100E994E6 /* event_facebook_btn.png */ = {isa = PBXFileReference; lastKnownFileType = image.png; name = event_facebook_btn.png; path = OaklandScene/event_facebook_btn.png; sourceTree = SOURCE_ROOT; };
		4F8C743E16150EC100E994E6 /* event_facebook_btn@2x.png */ = {isa = PBXFileReference; lastKnownFileType = image.png; name = "event_facebook_btn@2x.png"; path = "OaklandScene/event_facebook_btn@2x.png"; sourceTree = SOURCE_ROOT; };
		4F8C743F16150EC100E994E6 /* event_website_btn.png */ = {isa = PBXFileReference; lastKnownFileType = image.png; name = event_website_btn.png; path = OaklandScene/event_website_btn.png; sourceTree = SOURCE_ROOT; };
		4F8C744016150EC100E994E6 /* event_website_btn@2x.png */ = {isa = PBXFileReference; lastKnownFileType = image.png; name = "event_website_btn@2x.png"; path = "OaklandScene/event_website_btn@2x.png"; sourceTree = SOURCE_ROOT; };
		4F8C744116150EC100E994E6 /* eventfacebook_btn.xib */ = {isa = PBXFileReference; fileEncoding = 4; lastKnownFileType = file.xib; name = eventfacebook_btn.xib; path = OaklandScene/eventfacebook_btn.xib; sourceTree = SOURCE_ROOT; };
		4FC5430F1615E1E6000B09DA /* SCEEventDetailHeadView.xib */ = {isa = PBXFileReference; fileEncoding = 4; lastKnownFileType = file.xib; path = SCEEventDetailHeadView.xib; sourceTree = "<group>"; };
		4FDF6373160B54D100A947A9 /* call_btn.png */ = {isa = PBXFileReference; lastKnownFileType = image.png; path = call_btn.png; sourceTree = "<group>"; };
		4FDF6374160B54D100A947A9 /* call_btn@2x.png */ = {isa = PBXFileReference; lastKnownFileType = image.png; path = "call_btn@2x.png"; sourceTree = "<group>"; };
		4FDF6375160B54D100A947A9 /* directions_btn.png */ = {isa = PBXFileReference; lastKnownFileType = image.png; path = directions_btn.png; sourceTree = "<group>"; };
		4FDF6376160B54D100A947A9 /* directions_btn@2x.png */ = {isa = PBXFileReference; lastKnownFileType = image.png; path = "directions_btn@2x.png"; sourceTree = "<group>"; };
		4FDF637D160B54FB00A947A9 /* SCEConnectWebsiteButton.xib */ = {isa = PBXFileReference; fileEncoding = 4; lastKnownFileType = file.xib; path = SCEConnectWebsiteButton.xib; sourceTree = "<group>"; };
		4FDF637E160B54FB00A947A9 /* SCEConnectTwitterButton.xib */ = {isa = PBXFileReference; fileEncoding = 4; lastKnownFileType = file.xib; path = SCEConnectTwitterButton.xib; sourceTree = "<group>"; };
		4FDF6380160B54FB00A947A9 /* SCEPlaceDetailHeadView.xib */ = {isa = PBXFileReference; fileEncoding = 4; lastKnownFileType = file.xib; path = SCEPlaceDetailHeadView.xib; sourceTree = "<group>"; };
		4FDF6382160B54FB00A947A9 /* SCEConnectFacebookButton.xib */ = {isa = PBXFileReference; fileEncoding = 4; lastKnownFileType = file.xib; path = SCEConnectFacebookButton.xib; sourceTree = "<group>"; };
		4FDF6383160B54FB00A947A9 /* SCEDirectionsButton.xib */ = {isa = PBXFileReference; fileEncoding = 4; lastKnownFileType = file.xib; path = SCEDirectionsButton.xib; sourceTree = "<group>"; };
		4FDF6384160B54FB00A947A9 /* SCECallButton.xib */ = {isa = PBXFileReference; fileEncoding = 4; lastKnownFileType = file.xib; path = SCECallButton.xib; sourceTree = "<group>"; };
		4FDF638D160B5A7800A947A9 /* facebook_btn.png */ = {isa = PBXFileReference; lastKnownFileType = image.png; path = facebook_btn.png; sourceTree = "<group>"; };
		4FDF638E160B5A7800A947A9 /* facebook_btn@2x.png */ = {isa = PBXFileReference; lastKnownFileType = image.png; path = "facebook_btn@2x.png"; sourceTree = "<group>"; };
		4FDF638F160B5A7800A947A9 /* twitter_btn.png */ = {isa = PBXFileReference; lastKnownFileType = image.png; path = twitter_btn.png; sourceTree = "<group>"; };
		4FDF6390160B5A7800A947A9 /* twitter_btn@2x.png */ = {isa = PBXFileReference; lastKnownFileType = image.png; path = "twitter_btn@2x.png"; sourceTree = "<group>"; };
		4FDF6395160B5B4A00A947A9 /* website_btn.png */ = {isa = PBXFileReference; lastKnownFileType = image.png; path = website_btn.png; sourceTree = "<group>"; };
		4FDF6396160B5B4A00A947A9 /* website_btn@2x.png */ = {isa = PBXFileReference; lastKnownFileType = image.png; path = "website_btn@2x.png"; sourceTree = "<group>"; };
		8706C27A161555E2004745B0 /* SCESpecialRedeemPrompt.xib */ = {isa = PBXFileReference; fileEncoding = 4; lastKnownFileType = file.xib; path = SCESpecialRedeemPrompt.xib; sourceTree = "<group>"; };
/* End PBXFileReference section */

/* Begin PBXFrameworksBuildPhase section */
		37642D7515F6A0670024B6A2 /* Frameworks */ = {
			isa = PBXFrameworksBuildPhase;
			buildActionMask = 2147483647;
			files = (
				37E3EA3615FA683800964876 /* CoreLocation.framework in Frameworks */,
				37D995A215F940040045CAE5 /* MapKit.framework in Frameworks */,
				37642D7D15F6A0670024B6A2 /* UIKit.framework in Frameworks */,
				37642D7F15F6A0670024B6A2 /* Foundation.framework in Frameworks */,
				37642D8115F6A0670024B6A2 /* CoreGraphics.framework in Frameworks */,
			);
			runOnlyForDeploymentPostprocessing = 0;
		};
/* End PBXFrameworksBuildPhase section */

/* Begin PBXGroup section */
		374759E1160286D7009CBA55 /* Places */ = {
			isa = PBXGroup;
			children = (
				374759E3160286DD009CBA55 /* Models */,
				374759E5160286F2009CBA55 /* Controllers */,
				374759E4160286E5009CBA55 /* Views */,
			);
			name = Places;
			sourceTree = "<group>";
		};
		374759E3160286DD009CBA55 /* Models */ = {
			isa = PBXGroup;
			children = (
				3747AC6615FA886A0053BC32 /* SCEPlaceStore.h */,
				3747AC6715FA886A0053BC32 /* SCEPlaceStore.m */,
				37E3EA2C15FA67BD00964876 /* SCEPlace.h */,
				37E3EA2D15FA67BD00964876 /* SCEPlace.m */,
				37EB7A17161B8D5C00E56154 /* SCEPlaceItemSource.h */,
				37EB7A18161B8D5C00E56154 /* SCEPlaceItemSource.m */,
			);
			name = Models;
			sourceTree = "<group>";
		};
		374759E4160286E5009CBA55 /* Views */ = {
			isa = PBXGroup;
			children = (
				4FDF637C160B54E700A947A9 /* Detail Subviews */,
				37642DF315F7B8DC0024B6A2 /* SCEPlaceTableCell.h */,
				37642DF415F7B8DC0024B6A2 /* SCEPlaceTableCell.m */,
				37642DF115F7B8BE0024B6A2 /* SCEPlaceTableCell.xib */,
				3764E7BE1610E42B00F5977F /* SCEPlaceDetailView.h */,
				3764E7BF1610E42B00F5977F /* SCEPlaceDetailView.m */,
			);
			name = Views;
			sourceTree = "<group>";
		};
		374759E5160286F2009CBA55 /* Controllers */ = {
			isa = PBXGroup;
			children = (
				37642DF915F7B9DA0024B6A2 /* SCEPlaceViewController.h */,
				37642DFA15F7B9DA0024B6A2 /* SCEPlaceViewController.m */,
				37642E0615F7BBE10024B6A2 /* SCEPlaceFeedViewController.h */,
				37642E0715F7BBE20024B6A2 /* SCEPlaceFeedViewController.m */,
			);
			name = Controllers;
			sourceTree = "<group>";
		};
		374759E616028728009CBA55 /* Core */ = {
			isa = PBXGroup;
			children = (
				37642D8B15F6A0670024B6A2 /* SCEAppDelegate.h */,
				37642D8C15F6A0670024B6A2 /* SCEAppDelegate.m */,
				37FAF1241600D9DE00048F72 /* SCEAPIResponse.h */,
				37FAF1251600D9DE00048F72 /* SCEAPIResponse.m */,
				37FAF1211600D17000048F72 /* SCEAPIConnection.h */,
				37FAF1221600D17100048F72 /* SCEAPIConnection.m */,
				3703A4C11616354D00B95980 /* SCEURLImage.h */,
				3703A4C21616354D00B95980 /* SCEURLImage.m */,
				371965D81614FC170069A41E /* SCEUtils.h */,
				371965D91614FC170069A41E /* SCEUtils.m */,
				37C99A61161DFD910090A76B /* SCESimpleAnnotation.h */,
				37C99A62161DFD920090A76B /* SCESimpleAnnotation.m */,
				37C99A2E161C98B40090A76B /* Protocols */,
				374759E71602872D009CBA55 /* Models */,
				374759E816028733009CBA55 /* Controllers */,
				374759F6160288F4009CBA55 /* Views */,
			);
			name = Core;
			sourceTree = "<group>";
		};
		374759E71602872D009CBA55 /* Models */ = {
			isa = PBXGroup;
			children = (
				37E3EA3715FA697900964876 /* SCECategory.h */,
				37E3EA3815FA697900964876 /* SCECategory.m */,
				37E3EA3015FA67DC00964876 /* SCEGeocoded.h */,
				3747AC7015FA92940053BC32 /* JSONSerializable.h */,
				37570410160A7825004A6D45 /* SCEFeedSource.h */,
				37570411160A7825004A6D45 /* SCEFeedSource.m */,
				37C99A42161CB2B30090A76B /* SCEItemStore.h */,
			);
			name = Models;
			sourceTree = "<group>";
		};
		374759E816028733009CBA55 /* Controllers */ = {
			isa = PBXGroup;
			children = (
				37642DD515F7B5980024B6A2 /* SCEFeedViewController.h */,
				37642DD615F7B5980024B6A2 /* SCEFeedViewController.m */,
				37642DDF15F7B69C0024B6A2 /* SCEFeedMapViewController.h */,
				37642DE015F7B69C0024B6A2 /* SCEFeedMapViewController.m */,
				37ED1DD41607BE4B009CA46D /* SCECategoryPickerDialogController.h */,
				37ED1DD51607BE4B009CA46D /* SCECategoryPickerDialogController.m */,
			);
			name = Controllers;
			sourceTree = "<group>";
		};
		374759E916028766009CBA55 /* Today */ = {
			isa = PBXGroup;
			children = (
				37642D9515F6A0670024B6A2 /* SCETodayViewController.h */,
				37642D9615F6A0670024B6A2 /* SCETodayViewController.m */,
			);
			name = Today;
			sourceTree = "<group>";
		};
		374759EA16028796009CBA55 /* Events */ = {
			isa = PBXGroup;
			children = (
				374759EF16028854009CBA55 /* Models */,
				374759F116028861009CBA55 /* Controllers */,
				374759F01602885D009CBA55 /* Views */,
			);
			name = Events;
			sourceTree = "<group>";
		};
		374759EB1602879C009CBA55 /* Specials */ = {
			isa = PBXGroup;
			children = (
				374759EC160287A0009CBA55 /* Models */,
				374759EE160287AA009CBA55 /* Controllers */,
				374759ED160287A5009CBA55 /* Views */,
			);
			name = Specials;
			sourceTree = "<group>";
		};
		374759EC160287A0009CBA55 /* Models */ = {
			isa = PBXGroup;
			children = (
				3747AC5E15FA74840053BC32 /* SCESpecial.h */,
				3747AC5F15FA74840053BC32 /* SCESpecial.m */,
				37C99A49161CF0E60090A76B /* SCESpecialItemSource.h */,
				37C99A4A161CF0E60090A76B /* SCESpecialItemSource.m */,
				37C99A44161CED580090A76B /* SCESpecialStore.h */,
				37C99A45161CED580090A76B /* SCESpecialStore.m */,
			);
			name = Models;
			sourceTree = "<group>";
		};
		374759ED160287A5009CBA55 /* Views */ = {
			isa = PBXGroup;
			children = (
				8706C278161555CB004745B0 /* Detail Subviews */,
				37FCE90515F8DC7400666F1D /* SCESpecialTableCell.h */,
				37FCE90615F8DC7400666F1D /* SCESpecialTableCell.m */,
				37FCE90815F8DC8A00666F1D /* SCESpecialTableCell.xib */,
				37C99A4C161CF7970090A76B /* SCESpecialDetailView.h */,
				37C99A4D161CF7970090A76B /* SCESpecialDetailView.m */,
			);
			name = Views;
			sourceTree = "<group>";
		};
		374759EE160287AA009CBA55 /* Controllers */ = {
			isa = PBXGroup;
			children = (
				37642E0C15F7BCD60024B6A2 /* SCESpecialFeedViewController.h */,
				37642E0D15F7BCD60024B6A2 /* SCESpecialFeedViewController.m */,
				37FCE8F315F8D9E300666F1D /* SCESpecialViewController.h */,
				37FCE8F415F8D9E300666F1D /* SCESpecialViewController.m */,
			);
			name = Controllers;
			sourceTree = "<group>";
		};
		374759EF16028854009CBA55 /* Models */ = {
			isa = PBXGroup;
			children = (
				37E3EA3A15FA71C900964876 /* SCEEvent.h */,
				37E3EA3B15FA71C900964876 /* SCEEvent.m */,
				37F2253A160A292500140ED5 /* SCEEventStore.h */,
				37F2253B160A292500140ED5 /* SCEEventStore.m */,
				37C99A39161CAC0E0090A76B /* SCEEventItemSource.h */,
				37C99A3A161CAC0E0090A76B /* SCEEventItemSource.m */,
			);
			name = Models;
			sourceTree = "<group>";
		};
		374759F01602885D009CBA55 /* Views */ = {
			isa = PBXGroup;
			children = (
				4F8C743A161502E300E994E6 /* Detail Subviews */,
				37FCE8FF15F8DBA900666F1D /* SCEEventTableCell.h */,
				37FCE90015F8DBA900666F1D /* SCEEventTableCell.m */,
				37FCE90215F8DBCD00666F1D /* SCEEventTableCell.xib */,
				37C99A3C161CAF6F0090A76B /* SCEEventDetailView.h */,
				37C99A3D161CAF6F0090A76B /* SCEEventDetailView.m */,
			);
			name = Views;
			sourceTree = "<group>";
		};
		374759F116028861009CBA55 /* Controllers */ = {
			isa = PBXGroup;
			children = (
				37642E0915F7BCC00024B6A2 /* SCEEventFeedViewController.h */,
				37642E0A15F7BCC00024B6A2 /* SCEEventFeedViewController.m */,
				37FCE8EE15F8D9C600666F1D /* SCEEventViewController.h */,
				37FCE8EF15F8D9C600666F1D /* SCEEventViewController.m */,
			);
			name = Controllers;
			sourceTree = "<group>";
		};
		374759F2160288A6009CBA55 /* News */ = {
			isa = PBXGroup;
			children = (
				374759F3160288AF009CBA55 /* Models */,
				374759F5160288B8009CBA55 /* Controllers */,
				374759F4160288B3009CBA55 /* Views */,
			);
			name = News;
			sourceTree = "<group>";
		};
		374759F3160288AF009CBA55 /* Models */ = {
			isa = PBXGroup;
			children = (
				3747AC6215FA76BB0053BC32 /* SCENewsStub.h */,
				3747AC6315FA76BB0053BC32 /* SCENewsStub.m */,
			);
			name = Models;
			sourceTree = "<group>";
		};
		374759F4160288B3009CBA55 /* Views */ = {
			isa = PBXGroup;
			children = (
				37FCE90B15F8DCDF00666F1D /* SCENewsTableCell.h */,
				37FCE90C15F8DCDF00666F1D /* SCENewsTableCell.m */,
				37FCE90E15F8DD2C00666F1D /* SCENewsTableCell.xib */,
				37FCE8FA15F8D9FE00666F1D /* SCENewsViewController.xib */,
				4F3D7554161F371E00AFD042 /* SCENewsSingle.xib */,
			);
			name = Views;
			sourceTree = "<group>";
		};
		374759F5160288B8009CBA55 /* Controllers */ = {
			isa = PBXGroup;
			children = (
				37642E0F15F7BCEA0024B6A2 /* SCENewsFeedViewController.h */,
				37642E1015F7BCEA0024B6A2 /* SCENewsFeedViewController.m */,
				37FCE8F815F8D9FE00666F1D /* SCENewsViewController.h */,
				37FCE8F915F8D9FE00666F1D /* SCENewsViewController.m */,
			);
			name = Controllers;
			sourceTree = "<group>";
		};
		374759F6160288F4009CBA55 /* Views */ = {
			isa = PBXGroup;
			children = (
				37C99AA4161E58230090A76B /* Buttons */,
				3764E7D61610EAC400F5977F /* SCEAboutView.h */,
				3764E7D71610EAC400F5977F /* SCEAboutView.m */,
				37642DE915F7B7DD0024B6A2 /* SCEFeedTableCell.h */,
				37642DEA15F7B7DD0024B6A2 /* SCEFeedTableCell.m */,
				37ED1DD61607BE4B009CA46D /* SCECategoryPickerDialogController.xib */,
				37642DE115F7B69D0024B6A2 /* SCEFeedMapViewController.xib */,
				37642D9F15F6A0670024B6A2 /* SCETodayViewController.xib */,
				3765EDD4160A39C7004E9225 /* SCEFeedLoadingCell.h */,
				3765EDD5160A39C7004E9225 /* SCEFeedLoadingCell.m */,
				3765EDDA160A3A07004E9225 /* SCEFeedLoadingCell.xib */,
				3765EDD7160A39DF004E9225 /* SCEFeedStaticCell.h */,
				3765EDD8160A39DF004E9225 /* SCEFeedStaticCell.m */,
				3765EDDC160A3A25004E9225 /* SCEFeedStaticCell.xib */,
				37F1004F16153208001AD8FE /* SCECategoryList.h */,
				37F1005016153208001AD8FE /* SCECategoryList.m */,
				37EB7A13161B62B600E56154 /* SCEFeedView.h */,
				37EB7A14161B62B600E56154 /* SCEFeedView.m */,
				37EB7A1A161BC37000E56154 /* SCEResultsInfoBar.h */,
				37EB7A1B161BC37100E56154 /* SCEResultsInfoBar.m */,
				37C99A5C161DEA790090A76B /* SCEPlaceStubView.h */,
				37C99A5D161DEA790090A76B /* SCEPlaceStubView.m */,
				37C99A5F161DEA8C0090A76B /* SCEPlaceStubView.xib */,
			);
			name = Views;
			sourceTree = "<group>";
		};
		37642D6D15F6A0670024B6A2 = {
			isa = PBXGroup;
			children = (
				37C99AA2161E32420090A76B /* icon@2x.png */,
				37C99AA0161E32280090A76B /* icon.png */,
				37C99A86161E31560090A76B /* splash */,
				37642D8215F6A0670024B6A2 /* OaklandScene */,
				37642D7B15F6A0670024B6A2 /* Frameworks */,
				37642D7915F6A0670024B6A2 /* Products */,
			);
			sourceTree = "<group>";
		};
		37642D7915F6A0670024B6A2 /* Products */ = {
			isa = PBXGroup;
			children = (
				37642D7815F6A0670024B6A2 /* OaklandScene.app */,
			);
			name = Products;
			sourceTree = "<group>";
		};
		37642D7B15F6A0670024B6A2 /* Frameworks */ = {
			isa = PBXGroup;
			children = (
				37E3EA3515FA683800964876 /* CoreLocation.framework */,
				37D995A115F940030045CAE5 /* MapKit.framework */,
				37642D7C15F6A0670024B6A2 /* UIKit.framework */,
				37642D7E15F6A0670024B6A2 /* Foundation.framework */,
				37642D8015F6A0670024B6A2 /* CoreGraphics.framework */,
			);
			name = Frameworks;
			sourceTree = "<group>";
		};
		37642D8215F6A0670024B6A2 /* OaklandScene */ = {
			isa = PBXGroup;
			children = (
				4F3D7557161F39E100AFD042 /* Notices */,
				374759E616028728009CBA55 /* Core */,
				374759E1160286D7009CBA55 /* Places */,
				374759EA16028796009CBA55 /* Events */,
				374759EB1602879C009CBA55 /* Specials */,
				374759F2160288A6009CBA55 /* News */,
				374759E916028766009CBA55 /* Today */,
				37642D8315F6A0670024B6A2 /* Supporting Files */,
			);
			path = OaklandScene;
			sourceTree = "<group>";
		};
		37642D8315F6A0670024B6A2 /* Supporting Files */ = {
			isa = PBXGroup;
			children = (
				37CD7F1E1615EBC5004F840F /* README */,
				37C99A32161CA4A60090A76B /* Utilities */,
				37F22538160A276700140ED5 /* Data */,
				37642DD315F6BBAB0024B6A2 /* Images */,
				37642D8415F6A0670024B6A2 /* OaklandScene-Info.plist */,
				37642D8515F6A0670024B6A2 /* InfoPlist.strings */,
				37642D8815F6A0670024B6A2 /* main.m */,
				37642D8A15F6A0670024B6A2 /* OaklandScene-Prefix.pch */,
			);
			name = "Supporting Files";
			sourceTree = "<group>";
		};
		37642DD315F6BBAB0024B6A2 /* Images */ = {
			isa = PBXGroup;
			children = (
				37C99A6F161E29160090A76B /* default_thumbs */,
				4F0141131610D6F00096672A /* backgrounds */,
				37642D9115F6A0670024B6A2 /* first.png */,
				4FDF6372160B54D100A947A9 /* partials */,
				37642D9315F6A0670024B6A2 /* first@2x.png */,
				37642D9815F6A0670024B6A2 /* second.png */,
				37642D9A15F6A0670024B6A2 /* second@2x.png */,
			);
			name = Images;
			sourceTree = "<group>";
		};
		37C99A2E161C98B40090A76B /* Protocols */ = {
			isa = PBXGroup;
			children = (
				37EB7A08161A864F00E56154 /* SCEFeedViewDelegate.h */,
				37EB7A12161B60DE00E56154 /* SCEFeedViewDataSource.h */,
				37EB7A16161B740D00E56154 /* SCEFeedItemSource.h */,
				37ED1DCB16079928009CA46D /* SCECategoryPickerDelegate.h */,
			);
			name = Protocols;
			sourceTree = "<group>";
		};
		37C99A32161CA4A60090A76B /* Utilities */ = {
			isa = PBXGroup;
			children = (
				37C99A33161CA4D10090A76B /* ISO8601DateFormatter.h */,
				37C99A34161CA4D10090A76B /* ISO8601DateFormatter.m */,
			);
			name = Utilities;
			sourceTree = "<group>";
		};
		37C99A6F161E29160090A76B /* default_thumbs */ = {
			isa = PBXGroup;
			children = (
				37C99A70161E29160090A76B /* default-event.png */,
				37C99A71161E29160090A76B /* default-event@2x.png */,
				37C99A72161E29160090A76B /* default-place.png */,
				37C99A73161E29160090A76B /* default-place@2x.png */,
				37C99A74161E29160090A76B /* default-special.png */,
				37C99A75161E29160090A76B /* default-special@2x.png */,
			);
			path = default_thumbs;
			sourceTree = "<group>";
		};
		37C99A86161E31560090A76B /* splash */ = {
			isa = PBXGroup;
			children = (
				37C99A87161E31560090A76B /* Default@2x~iphone.png */,
				37C99A88161E31560090A76B /* Default~iphone.png */,
				37C99A89161E31560090A76B /* landscape1.png */,
				37C99A8A161E31560090A76B /* landscape2.png */,
				37C99A8B161E31560090A76B /* Default-568h@2x.png */,
				37C99A8C161E31560090A76B /* portrait2.png */,
			);
			name = splash;
			path = OaklandScene/splash;
			sourceTree = "<group>";
		};
		37C99AA4161E58230090A76B /* Buttons */ = {
			isa = PBXGroup;
			children = (
				4FDF637D160B54FB00A947A9 /* SCEConnectWebsiteButton.xib */,
				4FDF637E160B54FB00A947A9 /* SCEConnectTwitterButton.xib */,
				4FDF6382160B54FB00A947A9 /* SCEConnectFacebookButton.xib */,
				4FDF6383160B54FB00A947A9 /* SCEDirectionsButton.xib */,
				4FDF6384160B54FB00A947A9 /* SCECallButton.xib */,
			);
			name = Buttons;
			sourceTree = "<group>";
		};
		37F22538160A276700140ED5 /* Data */ = {
			isa = PBXGroup;
			children = (
				37C99A47161CEF650090A76B /* specials-10032012.json */,
				37C99A37161CABE10090A76B /* places-10032012.json */,
				37C99A35161CABB80090A76B /* events-10032012.json */,
			);
			name = Data;
			sourceTree = "<group>";
		};
		4F0141131610D6F00096672A /* backgrounds */ = {
			isa = PBXGroup;
			children = (
				4F0141391610D78F0096672A /* cell_bkgd.png */,
				4F01413A1610D78F0096672A /* cell_bkgd@2x.png */,
				4F01413B1610D78F0096672A /* single_bkgd.png */,
				4F01413C1610D78F0096672A /* single_bkgd@2x.png */,
				4F01413D1610D78F0096672A /* single_content_bkgd.png */,
				4F01413E1610D78F0096672A /* single_content_bkgd@2x.png */,
				4F01413F1610D78F0096672A /* single_header_bkgd.png */,
				4F0141401610D78F0096672A /* single_header_bkgd@2x.png */,
				4F01414D1610D8210096672A /* feed_bkgd.png */,
				4F01414E1610D8210096672A /* feed_bkgd@2x.png */,
			);
			name = backgrounds;
			sourceTree = "<group>";
		};
		4F3D7557161F39E100AFD042 /* Notices */ = {
			isa = PBXGroup;
			children = (
			);
			name = Notices;
			sourceTree = "<group>";
		};
		4F8C743A161502E300E994E6 /* Detail Subviews */ = {
			isa = PBXGroup;
			children = (
				4FC5430F1615E1E6000B09DA /* SCEEventDetailHeadView.xib */,
				37C99AA5161E5B2F0090A76B /* SCEEventDetailHeadView.h */,
				37C99AA6161E5B2F0090A76B /* SCEEventDetailHeadView.m */,
			);
			name = "Detail Subviews";
			sourceTree = "<group>";
		};
		4FDF6372160B54D100A947A9 /* partials */ = {
			isa = PBXGroup;
			children = (
				371965D31614B4AD0069A41E /* clock.png */,
				371965D41614B4AE0069A41E /* clock@2x.png */,
				4F0141491610D7A20096672A /* test_thumb.png */,
				4F01414A1610D7A20096672A /* test_thumb@2x.png */,
				4FDF6373160B54D100A947A9 /* call_btn.png */,
				4F8C743D16150EC100E994E6 /* event_facebook_btn.png */,
				4F8C743E16150EC100E994E6 /* event_facebook_btn@2x.png */,
				4F8C743F16150EC100E994E6 /* event_website_btn.png */,
				4F8C744016150EC100E994E6 /* event_website_btn@2x.png */,
				4F8C744116150EC100E994E6 /* eventfacebook_btn.xib */,
				4FDF6374160B54D100A947A9 /* call_btn@2x.png */,
				4F8C74341615029300E994E6 /* placepage_btn.png */,
				4F8C74351615029300E994E6 /* placepage_btn@2x.png */,
				4FDF6375160B54D100A947A9 /* directions_btn.png */,
				4FDF638D160B5A7800A947A9 /* facebook_btn.png */,
				4FDF638E160B5A7800A947A9 /* facebook_btn@2x.png */,
				4FDF6395160B5B4A00A947A9 /* website_btn.png */,
				4FDF6396160B5B4A00A947A9 /* website_btn@2x.png */,
				4FDF638F160B5A7800A947A9 /* twitter_btn.png */,
				4FDF6390160B5A7800A947A9 /* twitter_btn@2x.png */,
				4FDF6376160B54D100A947A9 /* directions_btn@2x.png */,
			);
			path = partials;
			sourceTree = "<group>";
		};
		4FDF637C160B54E700A947A9 /* Detail Subviews */ = {
			isa = PBXGroup;
			children = (
				3764E7E91610F94F00F5977F /* SCEPlaceDetailHeadView.h */,
				3764E7EA1610F94F00F5977F /* SCEPlaceDetailHeadView.m */,
				4FDF6380160B54FB00A947A9 /* SCEPlaceDetailHeadView.xib */,
				3764E7D31610EAA200F5977F /* SCEHoursView.h */,
				3764E7D41610EAA200F5977F /* SCEHoursView.m */,
			);
			name = "Detail Subviews";
			sourceTree = "<group>";
		};
		8706C278161555CB004745B0 /* Detail Subviews */ = {
			isa = PBXGroup;
			children = (
				37C99A54161DE9DB0090A76B /* SCESpecialDetailHeadView.xib */,
				37C99A56161DE9F10090A76B /* SCESpecialDetailHeadView.h */,
				37C99A57161DE9F10090A76B /* SCESpecialDetailHeadView.m */,
				8706C27A161555E2004745B0 /* SCESpecialRedeemPrompt.xib */,
				37C99A59161DEA0E0090A76B /* SCESpecialRedeemPrompt.h */,
				37C99A5A161DEA0F0090A76B /* SCESpecialRedeemPrompt.m */,
			);
			name = "Detail Subviews";
			sourceTree = "<group>";
		};
/* End PBXGroup section */

/* Begin PBXNativeTarget section */
		37642D7715F6A0670024B6A2 /* OaklandScene */ = {
			isa = PBXNativeTarget;
			buildConfigurationList = 37642DA415F6A0670024B6A2 /* Build configuration list for PBXNativeTarget "OaklandScene" */;
			buildPhases = (
				37642D7415F6A0670024B6A2 /* Sources */,
				37642D7515F6A0670024B6A2 /* Frameworks */,
				37642D7615F6A0670024B6A2 /* Resources */,
			);
			buildRules = (
			);
			dependencies = (
			);
			name = OaklandScene;
			productName = OaklandScene;
			productReference = 37642D7815F6A0670024B6A2 /* OaklandScene.app */;
			productType = "com.apple.product-type.application";
		};
/* End PBXNativeTarget section */

/* Begin PBXProject section */
		37642D6F15F6A0670024B6A2 /* Project object */ = {
			isa = PBXProject;
			attributes = {
				CLASSPREFIX = SCE;
				LastUpgradeCheck = 0450;
				ORGANIZATIONNAME = Scenable;
			};
			buildConfigurationList = 37642D7215F6A0670024B6A2 /* Build configuration list for PBXProject "OaklandScene" */;
			compatibilityVersion = "Xcode 3.2";
			developmentRegion = English;
			hasScannedForEncodings = 0;
			knownRegions = (
				en,
			);
			mainGroup = 37642D6D15F6A0670024B6A2;
			productRefGroup = 37642D7915F6A0670024B6A2 /* Products */;
			projectDirPath = "";
			projectRoot = "";
			targets = (
				37642D7715F6A0670024B6A2 /* OaklandScene */,
			);
		};
/* End PBXProject section */

/* Begin PBXResourcesBuildPhase section */
		37642D7615F6A0670024B6A2 /* Resources */ = {
			isa = PBXResourcesBuildPhase;
			buildActionMask = 2147483647;
			files = (
				37C99AB1161E84400090A76B /* event_website_btn.png in Resources */,
				37C99AA8161E5CC10090A76B /* SCEEventDetailHeadView.xib in Resources */,
				37C99A66161E0A1D0090A76B /* SCESpecialRedeemPrompt.xib in Resources */,
				37C99A64161E09B20090A76B /* placepage_btn.png in Resources */,
				37C99A65161E09B20090A76B /* placepage_btn@2x.png in Resources */,
				37642D8715F6A0670024B6A2 /* InfoPlist.strings in Resources */,
				37642D9215F6A0670024B6A2 /* first.png in Resources */,
				37642D9415F6A0670024B6A2 /* first@2x.png in Resources */,
				37642D9915F6A0670024B6A2 /* second.png in Resources */,
				37642D9B15F6A0670024B6A2 /* second@2x.png in Resources */,
				37642DA115F6A0670024B6A2 /* SCETodayViewController.xib in Resources */,
				37642DE315F7B69D0024B6A2 /* SCEFeedMapViewController.xib in Resources */,
				37642DF215F7B8BE0024B6A2 /* SCEPlaceTableCell.xib in Resources */,
				37FCE8FC15F8D9FE00666F1D /* SCENewsViewController.xib in Resources */,
				37FCE90315F8DBCD00666F1D /* SCEEventTableCell.xib in Resources */,
				37FCE90915F8DC8A00666F1D /* SCESpecialTableCell.xib in Resources */,
				37FCE90F15F8DD2C00666F1D /* SCENewsTableCell.xib in Resources */,
				37ED1DD81607BE4C009CA46D /* SCECategoryPickerDialogController.xib in Resources */,
				3765EDDB160A3A07004E9225 /* SCEFeedLoadingCell.xib in Resources */,
				3765EDDD160A3A25004E9225 /* SCEFeedStaticCell.xib in Resources */,
				4FDF6377160B54D100A947A9 /* call_btn.png in Resources */,
				4FDF6378160B54D100A947A9 /* call_btn@2x.png in Resources */,
				4FDF6379160B54D100A947A9 /* directions_btn.png in Resources */,
				4FDF637A160B54D100A947A9 /* directions_btn@2x.png in Resources */,
				4FDF6385160B54FB00A947A9 /* SCEConnectWebsiteButton.xib in Resources */,
				4FDF6386160B54FB00A947A9 /* SCEConnectTwitterButton.xib in Resources */,
				4FDF6388160B54FB00A947A9 /* SCEPlaceDetailHeadView.xib in Resources */,
				4FDF638A160B54FB00A947A9 /* SCEConnectFacebookButton.xib in Resources */,
				4FDF638B160B54FB00A947A9 /* SCEDirectionsButton.xib in Resources */,
				4FDF638C160B54FB00A947A9 /* SCECallButton.xib in Resources */,
				4FDF6391160B5A7800A947A9 /* facebook_btn.png in Resources */,
				4FDF6392160B5A7800A947A9 /* facebook_btn@2x.png in Resources */,
				4FDF6393160B5A7800A947A9 /* twitter_btn.png in Resources */,
				4FDF6394160B5A7800A947A9 /* twitter_btn@2x.png in Resources */,
				4FDF6397160B5B4A00A947A9 /* website_btn.png in Resources */,
				4FDF6398160B5B4A00A947A9 /* website_btn@2x.png in Resources */,
				4F0141411610D78F0096672A /* cell_bkgd.png in Resources */,
				4F0141421610D78F0096672A /* cell_bkgd@2x.png in Resources */,
				4F0141431610D78F0096672A /* single_bkgd.png in Resources */,
				4F0141441610D78F0096672A /* single_bkgd@2x.png in Resources */,
				4F0141451610D78F0096672A /* single_content_bkgd.png in Resources */,
				4F0141461610D78F0096672A /* single_content_bkgd@2x.png in Resources */,
				4F0141471610D78F0096672A /* single_header_bkgd.png in Resources */,
				4F0141481610D78F0096672A /* single_header_bkgd@2x.png in Resources */,
				4F01414B1610D7A20096672A /* test_thumb.png in Resources */,
				4F01414C1610D7A20096672A /* test_thumb@2x.png in Resources */,
				4F01414F1610D8210096672A /* feed_bkgd.png in Resources */,
				4F0141501610D8210096672A /* feed_bkgd@2x.png in Resources */,
				371965D51614B4AE0069A41E /* clock.png in Resources */,
				371965D61614B4AE0069A41E /* clock@2x.png in Resources */,
				37CD7F1F1615EBC5004F840F /* README in Resources */,
				37C99A36161CABB80090A76B /* events-10032012.json in Resources */,
				37C99A38161CABE10090A76B /* places-10032012.json in Resources */,
				37C99A48161CEF650090A76B /* specials-10032012.json in Resources */,
				37C99A55161DE9DB0090A76B /* SCESpecialDetailHeadView.xib in Resources */,
				37C99A60161DEA8C0090A76B /* SCEPlaceStubView.xib in Resources */,
				37C99A76161E29160090A76B /* default-event.png in Resources */,
				37C99A77161E29160090A76B /* default-event@2x.png in Resources */,
				37C99A78161E29160090A76B /* default-place.png in Resources */,
				37C99A79161E29160090A76B /* default-place@2x.png in Resources */,
				37C99A7A161E29160090A76B /* default-special.png in Resources */,
				37C99A7B161E29160090A76B /* default-special@2x.png in Resources */,
				37C99A8D161E31560090A76B /* Default@2x~iphone.png in Resources */,
				37C99A8E161E31560090A76B /* Default~iphone.png in Resources */,
				37C99A8F161E31560090A76B /* landscape1.png in Resources */,
				37C99A90161E31560090A76B /* landscape2.png in Resources */,
				37C99A91161E31560090A76B /* Default-568h@2x.png in Resources */,
				37C99A92161E31560090A76B /* portrait2.png in Resources */,
				37C99AA1161E32290090A76B /* icon.png in Resources */,
				37C99AA3161E32420090A76B /* icon@2x.png in Resources */,
				4F3D7555161F371E00AFD042 /* SCENewsSingle.xib in Resources */,
			);
			runOnlyForDeploymentPostprocessing = 0;
		};
/* End PBXResourcesBuildPhase section */

/* Begin PBXSourcesBuildPhase section */
		37642D7415F6A0670024B6A2 /* Sources */ = {
			isa = PBXSourcesBuildPhase;
			buildActionMask = 2147483647;
			files = (
				37C99A43161CB6270090A76B /* ISO8601DateFormatter.m in Sources */,
				37642D8915F6A0670024B6A2 /* main.m in Sources */,
				37642D8D15F6A0670024B6A2 /* SCEAppDelegate.m in Sources */,
				37642D9715F6A0670024B6A2 /* SCETodayViewController.m in Sources */,
				37642DD715F7B5980024B6A2 /* SCEFeedViewController.m in Sources */,
				37642DE215F7B69D0024B6A2 /* SCEFeedMapViewController.m in Sources */,
				37642DEB15F7B7DD0024B6A2 /* SCEFeedTableCell.m in Sources */,
				37642DF515F7B8DC0024B6A2 /* SCEPlaceTableCell.m in Sources */,
				37642DFB15F7B9DA0024B6A2 /* SCEPlaceViewController.m in Sources */,
				37642E0815F7BBE20024B6A2 /* SCEPlaceFeedViewController.m in Sources */,
				37642E0B15F7BCC00024B6A2 /* SCEEventFeedViewController.m in Sources */,
				37642E0E15F7BCD70024B6A2 /* SCESpecialFeedViewController.m in Sources */,
				37642E1115F7BCEB0024B6A2 /* SCENewsFeedViewController.m in Sources */,
				37FCE8F115F8D9C600666F1D /* SCEEventViewController.m in Sources */,
				37FCE8F615F8D9E300666F1D /* SCESpecialViewController.m in Sources */,
				37FCE8FB15F8D9FE00666F1D /* SCENewsViewController.m in Sources */,
				37FCE90115F8DBA900666F1D /* SCEEventTableCell.m in Sources */,
				37FCE90715F8DC7400666F1D /* SCESpecialTableCell.m in Sources */,
				37FCE90D15F8DCDF00666F1D /* SCENewsTableCell.m in Sources */,
				37E3EA2E15FA67BD00964876 /* SCEPlace.m in Sources */,
				37E3EA3915FA697900964876 /* SCECategory.m in Sources */,
				37E3EA3C15FA71CA00964876 /* SCEEvent.m in Sources */,
				3747AC6015FA74840053BC32 /* SCESpecial.m in Sources */,
				3747AC6415FA76BB0053BC32 /* SCENewsStub.m in Sources */,
				3747AC6815FA886A0053BC32 /* SCEPlaceStore.m in Sources */,
				37FAF1231600D17200048F72 /* SCEAPIConnection.m in Sources */,
				37FAF1261600D9DE00048F72 /* SCEAPIResponse.m in Sources */,
				37ED1DD71607BE4C009CA46D /* SCECategoryPickerDialogController.m in Sources */,
				37F2253C160A292500140ED5 /* SCEEventStore.m in Sources */,
				3765EDD6160A39C7004E9225 /* SCEFeedLoadingCell.m in Sources */,
				3765EDD9160A39DF004E9225 /* SCEFeedStaticCell.m in Sources */,
				37570412160A7825004A6D45 /* SCEFeedSource.m in Sources */,
				3764E7C01610E42B00F5977F /* SCEPlaceDetailView.m in Sources */,
				3764E7D51610EAA200F5977F /* SCEHoursView.m in Sources */,
				3764E7D81610EAC400F5977F /* SCEAboutView.m in Sources */,
				3764E7EB1610F95000F5977F /* SCEPlaceDetailHeadView.m in Sources */,
				371965DA1614FC170069A41E /* SCEUtils.m in Sources */,
				37F1005116153208001AD8FE /* SCECategoryList.m in Sources */,
				3703A4C31616354D00B95980 /* SCEURLImage.m in Sources */,
				37EB7A15161B62B600E56154 /* SCEFeedView.m in Sources */,
				37EB7A19161B8D5C00E56154 /* SCEPlaceItemSource.m in Sources */,
				37EB7A1C161BC37200E56154 /* SCEResultsInfoBar.m in Sources */,
				37C99A3B161CAC0E0090A76B /* SCEEventItemSource.m in Sources */,
				37C99A3E161CAF6F0090A76B /* SCEEventDetailView.m in Sources */,
				37C99A46161CED580090A76B /* SCESpecialStore.m in Sources */,
				37C99A4B161CF0E60090A76B /* SCESpecialItemSource.m in Sources */,
				37C99A4E161CF7970090A76B /* SCESpecialDetailView.m in Sources */,
				37C99A58161DE9F10090A76B /* SCESpecialDetailHeadView.m in Sources */,
				37C99A5B161DEA0F0090A76B /* SCESpecialRedeemPrompt.m in Sources */,
				37C99A5E161DEA790090A76B /* SCEPlaceStubView.m in Sources */,
				37C99A63161DFD920090A76B /* SCESimpleAnnotation.m in Sources */,
				37C99AA7161E5B300090A76B /* SCEEventDetailHeadView.m in Sources */,
			);
			runOnlyForDeploymentPostprocessing = 0;
		};
/* End PBXSourcesBuildPhase section */

/* Begin PBXVariantGroup section */
		37642D8515F6A0670024B6A2 /* InfoPlist.strings */ = {
			isa = PBXVariantGroup;
			children = (
				37642D8615F6A0670024B6A2 /* en */,
			);
			name = InfoPlist.strings;
			sourceTree = "<group>";
		};
		37642D9F15F6A0670024B6A2 /* SCETodayViewController.xib */ = {
			isa = PBXVariantGroup;
			children = (
				37642DA015F6A0670024B6A2 /* en */,
			);
			name = SCETodayViewController.xib;
			sourceTree = "<group>";
		};
/* End PBXVariantGroup section */

/* Begin XCBuildConfiguration section */
		37642DA215F6A0670024B6A2 /* Debug */ = {
			isa = XCBuildConfiguration;
			buildSettings = {
				ALWAYS_SEARCH_USER_PATHS = NO;
				ARCHS = "$(ARCHS_STANDARD_32_BIT)";
				CLANG_CXX_LANGUAGE_STANDARD = "gnu++0x";
				CLANG_ENABLE_OBJC_ARC = YES;
				CLANG_WARN__DUPLICATE_METHOD_MATCH = YES;
				"CODE_SIGN_IDENTITY[sdk=iphoneos*]" = "iPhone Developer";
				COPY_PHASE_STRIP = NO;
				GCC_C_LANGUAGE_STANDARD = gnu99;
				GCC_DYNAMIC_NO_PIC = NO;
				GCC_OPTIMIZATION_LEVEL = 0;
				GCC_PREPROCESSOR_DEFINITIONS = (
					"DEBUG=1",
					"$(inherited)",
				);
				GCC_SYMBOLS_PRIVATE_EXTERN = NO;
				GCC_VERSION = com.apple.compilers.llvm.clang.1_0;
				GCC_WARN_ABOUT_RETURN_TYPE = YES;
				GCC_WARN_UNINITIALIZED_AUTOS = YES;
				GCC_WARN_UNUSED_VARIABLE = YES;
				IPHONEOS_DEPLOYMENT_TARGET = 5.1;
				SDKROOT = iphoneos;
			};
			name = Debug;
		};
		37642DA315F6A0670024B6A2 /* Release */ = {
			isa = XCBuildConfiguration;
			buildSettings = {
				ALWAYS_SEARCH_USER_PATHS = NO;
				ARCHS = "$(ARCHS_STANDARD_32_BIT)";
				CLANG_CXX_LANGUAGE_STANDARD = "gnu++0x";
				CLANG_ENABLE_OBJC_ARC = YES;
				CLANG_WARN__DUPLICATE_METHOD_MATCH = YES;
				"CODE_SIGN_IDENTITY[sdk=iphoneos*]" = "iPhone Developer";
				COPY_PHASE_STRIP = YES;
				GCC_C_LANGUAGE_STANDARD = gnu99;
				GCC_VERSION = com.apple.compilers.llvm.clang.1_0;
				GCC_WARN_ABOUT_RETURN_TYPE = YES;
				GCC_WARN_UNINITIALIZED_AUTOS = YES;
				GCC_WARN_UNUSED_VARIABLE = YES;
				IPHONEOS_DEPLOYMENT_TARGET = 5.1;
				OTHER_CFLAGS = "-DNS_BLOCK_ASSERTIONS=1";
				SDKROOT = iphoneos;
				VALIDATE_PRODUCT = YES;
			};
			name = Release;
		};
		37642DA515F6A0670024B6A2 /* Debug */ = {
			isa = XCBuildConfiguration;
			buildSettings = {
				GCC_PRECOMPILE_PREFIX_HEADER = YES;
				GCC_PREFIX_HEADER = "OaklandScene/OaklandScene-Prefix.pch";
				INFOPLIST_FILE = "OaklandScene/OaklandScene-Info.plist";
				PRODUCT_NAME = "$(TARGET_NAME)";
				WRAPPER_EXTENSION = app;
			};
			name = Debug;
		};
		37642DA615F6A0670024B6A2 /* Release */ = {
			isa = XCBuildConfiguration;
			buildSettings = {
				GCC_PRECOMPILE_PREFIX_HEADER = YES;
				GCC_PREFIX_HEADER = "OaklandScene/OaklandScene-Prefix.pch";
				INFOPLIST_FILE = "OaklandScene/OaklandScene-Info.plist";
				PRODUCT_NAME = "$(TARGET_NAME)";
				WRAPPER_EXTENSION = app;
			};
			name = Release;
		};
/* End XCBuildConfiguration section */

/* Begin XCConfigurationList section */
		37642D7215F6A0670024B6A2 /* Build configuration list for PBXProject "OaklandScene" */ = {
			isa = XCConfigurationList;
			buildConfigurations = (
				37642DA215F6A0670024B6A2 /* Debug */,
				37642DA315F6A0670024B6A2 /* Release */,
			);
			defaultConfigurationIsVisible = 0;
			defaultConfigurationName = Release;
		};
		37642DA415F6A0670024B6A2 /* Build configuration list for PBXNativeTarget "OaklandScene" */ = {
			isa = XCConfigurationList;
			buildConfigurations = (
				37642DA515F6A0670024B6A2 /* Debug */,
				37642DA615F6A0670024B6A2 /* Release */,
			);
			defaultConfigurationIsVisible = 0;
			defaultConfigurationName = Release;
		};
/* End XCConfigurationList section */
	};
	rootObject = 37642D6F15F6A0670024B6A2 /* Project object */;
}
